// !$*UTF8*$!
{
	archiveVersion = 1;
	classes = {
	};
	objectVersion = 50;
	objects = {

/* Begin PBXBuildFile section */
		FFCE4301259F2FCD00DB9290 /* AppDelegate.swift in Sources */ = {isa = PBXBuildFile; fileRef = FFCE4300259F2FCD00DB9290 /* AppDelegate.swift */; };
		FFCE4303259F2FCD00DB9290 /* SceneDelegate.swift in Sources */ = {isa = PBXBuildFile; fileRef = FFCE4302259F2FCD00DB9290 /* SceneDelegate.swift */; };
		FFCE4305259F2FCD00DB9290 /* ViewController.swift in Sources */ = {isa = PBXBuildFile; fileRef = FFCE4304259F2FCD00DB9290 /* ViewController.swift */; };
		FFCE4308259F2FCD00DB9290 /* Main.storyboard in Resources */ = {isa = PBXBuildFile; fileRef = FFCE4306259F2FCD00DB9290 /* Main.storyboard */; };
		FFCE430B259F2FCD00DB9290 /* Degate_Pattern_ex.xcdatamodeld in Sources */ = {isa = PBXBuildFile; fileRef = FFCE4309259F2FCD00DB9290 /* Degate_Pattern_ex.xcdatamodeld */; };
		FFCE430D259F2FD000DB9290 /* Assets.xcassets in Resources */ = {isa = PBXBuildFile; fileRef = FFCE430C259F2FD000DB9290 /* Assets.xcassets */; };
		FFCE4310259F2FD000DB9290 /* LaunchScreen.storyboard in Resources */ = {isa = PBXBuildFile; fileRef = FFCE430E259F2FD000DB9290 /* LaunchScreen.storyboard */; };
/* End PBXBuildFile section */

/* Begin PBXFileReference section */
		FFCE42FD259F2FCD00DB9290 /* Degate Pattern ex.app */ = {isa = PBXFileReference; explicitFileType = wrapper.application; includeInIndex = 0; path = "Degate Pattern ex.app"; sourceTree = BUILT_PRODUCTS_DIR; };
		FFCE4300259F2FCD00DB9290 /* AppDelegate.swift */ = {isa = PBXFileReference; lastKnownFileType = sourcecode.swift; path = AppDelegate.swift; sourceTree = "<group>"; };
		FFCE4302259F2FCD00DB9290 /* SceneDelegate.swift */ = {isa = PBXFileReference; lastKnownFileType = sourcecode.swift; path = SceneDelegate.swift; sourceTree = "<group>"; };
		FFCE4304259F2FCD00DB9290 /* ViewController.swift */ = {isa = PBXFileReference; lastKnownFileType = sourcecode.swift; path = ViewController.swift; sourceTree = "<group>"; };
		FFCE4307259F2FCD00DB9290 /* Base */ = {isa = PBXFileReference; lastKnownFileType = file.storyboard; name = Base; path = Base.lproj/Main.storyboard; sourceTree = "<group>"; };
		FFCE430A259F2FCD00DB9290 /* Degate_Pattern_ex.xcdatamodel */ = {isa = PBXFileReference; lastKnownFileType = wrapper.xcdatamodel; path = Degate_Pattern_ex.xcdatamodel; sourceTree = "<group>"; };
		FFCE430C259F2FD000DB9290 /* Assets.xcassets */ = {isa = PBXFileReference; lastKnownFileType = folder.assetcatalog; path = Assets.xcassets; sourceTree = "<group>"; };
		FFCE430F259F2FD000DB9290 /* Base */ = {isa = PBXFileReference; lastKnownFileType = file.storyboard; name = Base; path = Base.lproj/LaunchScreen.storyboard; sourceTree = "<group>"; };
		FFCE4311259F2FD000DB9290 /* Info.plist */ = {isa = PBXFileReference; lastKnownFileType = text.plist.xml; path = Info.plist; sourceTree = "<group>"; };
/* End PBXFileReference section */

/* Begin PBXFrameworksBuildPhase section */
		FFCE42FA259F2FCD00DB9290 /* Frameworks */ = {
			isa = PBXFrameworksBuildPhase;
			buildActionMask = 2147483647;
			files = (
			);
			runOnlyForDeploymentPostprocessing = 0;
		};
/* End PBXFrameworksBuildPhase section */

/* Begin PBXGroup section */
		FFCE42F4259F2FCD00DB9290 = {
			isa = PBXGroup;
			children = (
				FFCE42FF259F2FCD00DB9290 /* Degate Pattern ex */,
				FFCE42FE259F2FCD00DB9290 /* Products */,
			);
			sourceTree = "<group>";
		};
		FFCE42FE259F2FCD00DB9290 /* Products */ = {
			isa = PBXGroup;
			children = (
				FFCE42FD259F2FCD00DB9290 /* Degate Pattern ex.app */,
			);
			name = Products;
			sourceTree = "<group>";
		};
		FFCE42FF259F2FCD00DB9290 /* Degate Pattern ex */ = {
			isa = PBXGroup;
			children = (
				FFCE4300259F2FCD00DB9290 /* AppDelegate.swift */,
				FFCE4302259F2FCD00DB9290 /* SceneDelegate.swift */,
				FFCE4304259F2FCD00DB9290 /* ViewController.swift */,
				FFCE4306259F2FCD00DB9290 /* Main.storyboard */,
				FFCE430C259F2FD000DB9290 /* Assets.xcassets */,
				FFCE430E259F2FD000DB9290 /* LaunchScreen.storyboard */,
				FFCE4311259F2FD000DB9290 /* Info.plist */,
				FFCE4309259F2FCD00DB9290 /* Degate_Pattern_ex.xcdatamodeld */,
			);
			path = "Degate Pattern ex";
			sourceTree = "<group>";
		};
/* End PBXGroup section */

/* Begin PBXNativeTarget section */
		FFCE42FC259F2FCD00DB9290 /* Degate Pattern ex */ = {
			isa = PBXNativeTarget;
			buildConfigurationList = FFCE4314259F2FD000DB9290 /* Build configuration list for PBXNativeTarget "Degate Pattern ex" */;
			buildPhases = (
				FFCE42F9259F2FCD00DB9290 /* Sources */,
				FFCE42FA259F2FCD00DB9290 /* Frameworks */,
				FFCE42FB259F2FCD00DB9290 /* Resources */,
			);
			buildRules = (
			);
			dependencies = (
			);
			name = "Degate Pattern ex";
			productName = "Degate Pattern ex";
			productReference = FFCE42FD259F2FCD00DB9290 /* Degate Pattern ex.app */;
			productType = "com.apple.product-type.application";
		};
/* End PBXNativeTarget section */

/* Begin PBXProject section */
		FFCE42F5259F2FCD00DB9290 /* Project object */ = {
			isa = PBXProject;
			attributes = {
				LastSwiftUpdateCheck = 1210;
				LastUpgradeCheck = 1210;
				TargetAttributes = {
					FFCE42FC259F2FCD00DB9290 = {
						CreatedOnToolsVersion = 12.1;
					};
				};
			};
			buildConfigurationList = FFCE42F8259F2FCD00DB9290 /* Build configuration list for PBXProject "Degate Pattern ex" */;
			compatibilityVersion = "Xcode 9.3";
			developmentRegion = en;
			hasScannedForEncodings = 0;
			knownRegions = (
				en,
				Base,
			);
			mainGroup = FFCE42F4259F2FCD00DB9290;
			productRefGroup = FFCE42FE259F2FCD00DB9290 /* Products */;
			projectDirPath = "";
			projectRoot = "";
			targets = (
				FFCE42FC259F2FCD00DB9290 /* Degate Pattern ex */,
			);
		};
/* End PBXProject section */

/* Begin PBXResourcesBuildPhase section */
		FFCE42FB259F2FCD00DB9290 /* Resources */ = {
			isa = PBXResourcesBuildPhase;
			buildActionMask = 2147483647;
			files = (
				FFCE4310259F2FD000DB9290 /* LaunchScreen.storyboard in Resources */,
				FFCE430D259F2FD000DB9290 /* Assets.xcassets in Resources */,
				FFCE4308259F2FCD00DB9290 /* Main.storyboard in Resources */,
			);
			runOnlyForDeploymentPostprocessing = 0;
		};
/* End PBXResourcesBuildPhase section */

/* Begin PBXSourcesBuildPhase section */
		FFCE42F9259F2FCD00DB9290 /* Sources */ = {
			isa = PBXSourcesBuildPhase;
			buildActionMask = 2147483647;
			files = (
				FFCE4305259F2FCD00DB9290 /* ViewController.swift in Sources */,
				FFCE430B259F2FCD00DB9290 /* Degate_Pattern_ex.xcdatamodeld in Sources */,
				FFCE4301259F2FCD00DB9290 /* AppDelegate.swift in Sources */,
				FFCE4303259F2FCD00DB9290 /* SceneDelegate.swift in Sources */,
			);
			runOnlyForDeploymentPostprocessing = 0;
		};
/* End PBXSourcesBuildPhase section */

/* Begin PBXVariantGroup section */
		FFCE4306259F2FCD00DB9290 /* Main.storyboard */ = {
			isa = PBXVariantGroup;
			children = (
				FFCE4307259F2FCD00DB9290 /* Base */,
			);
			name = Main.storyboard;
			sourceTree = "<group>";
		};
		FFCE430E259F2FD000DB9290 /* LaunchScreen.storyboard */ = {
			isa = PBXVariantGroup;
			children = (
				FFCE430F259F2FD000DB9290 /* Base */,
			);
			name = LaunchScreen.storyboard;
			sourceTree = "<group>";
		};
/* End PBXVariantGroup section */

/* Begin XCBuildConfiguration section */
		FFCE4312259F2FD000DB9290 /* Debug */ = {
			isa = XCBuildConfiguration;
			buildSettings = {
				ALWAYS_SEARCH_USER_PATHS = NO;
				CLANG_ANALYZER_NONNULL = YES;
				CLANG_ANALYZER_NUMBER_OBJECT_CONVERSION = YES_AGGRESSIVE;
				CLANG_CXX_LANGUAGE_STANDARD = "gnu++14";
				CLANG_CXX_LIBRARY = "libc++";
				CLANG_ENABLE_MODULES = YES;
				CLANG_ENABLE_OBJC_ARC = YES;
				CLANG_ENABLE_OBJC_WEAK = YES;
				CLANG_WARN_BLOCK_CAPTURE_AUTORELEASING = YES;
				CLANG_WARN_BOOL_CONVERSION = YES;
				CLANG_WARN_COMMA = YES;
				CLANG_WARN_CONSTANT_CONVERSION = YES;
				CLANG_WARN_DEPRECATED_OBJC_IMPLEMENTATIONS = YES;
				CLANG_WARN_DIRECT_OBJC_ISA_USAGE = YES_ERROR;
				CLANG_WARN_DOCUMENTATION_COMMENTS = YES;
				CLANG_WARN_EMPTY_BODY = YES;
				CLANG_WARN_ENUM_CONVERSION = YES;
				CLANG_WARN_INFINITE_RECURSION = YES;
				CLANG_WARN_INT_CONVERSION = YES;
				CLANG_WARN_NON_LITERAL_NULL_CONVERSION = YES;
				CLANG_WARN_OBJC_IMPLICIT_RETAIN_SELF = YES;
				CLANG_WARN_OBJC_LITERAL_CONVERSION = YES;
				CLANG_WARN_OBJC_ROOT_CLASS = YES_ERROR;
				CLANG_WARN_QUOTED_INCLUDE_IN_FRAMEWORK_HEADER = YES;
				CLANG_WARN_RANGE_LOOP_ANALYSIS = YES;
				CLANG_WARN_STRICT_PROTOTYPES = YES;
				CLANG_WARN_SUSPICIOUS_MOVE = YES;
				CLANG_WARN_UNGUARDED_AVAILABILITY = YES_AGGRESSIVE;
				CLANG_WARN_UNREACHABLE_CODE = YES;
				CLANG_WARN__DUPLICATE_METHOD_MATCH = YES;
				COPY_PHASE_STRIP = NO;
				DEBUG_INFORMATION_FORMAT = dwarf;
				ENABLE_STRICT_OBJC_MSGSEND = YES;
				ENABLE_TESTABILITY = YES;
				GCC_C_LANGUAGE_STANDARD = gnu11;
				GCC_DYNAMIC_NO_PIC = NO;
				GCC_NO_COMMON_BLOCKS = YES;
				GCC_OPTIMIZATION_LEVEL = 0;
				GCC_PREPROCESSOR_DEFINITIONS = (
					"DEBUG=1",
					"$(inherited)",
				);
				GCC_WARN_64_TO_32_BIT_CONVERSION = YES;
				GCC_WARN_ABOUT_RETURN_TYPE = YES_ERROR;
				GCC_WARN_UNDECLARED_SELECTOR = YES;
				GCC_WARN_UNINITIALIZED_AUTOS = YES_AGGRESSIVE;
				GCC_WARN_UNUSED_FUNCTION = YES;
				GCC_WARN_UNUSED_VARIABLE = YES;
				IPHONEOS_DEPLOYMENT_TARGET = 14.1;
				MTL_ENABLE_DEBUG_INFO = INCLUDE_SOURCE;
				MTL_FAST_MATH = YES;
				ONLY_ACTIVE_ARCH = YES;
				SDKROOT = iphoneos;
				SWIFT_ACTIVE_COMPILATION_CONDITIONS = DEBUG;
				SWIFT_OPTIMIZATION_LEVEL = "-Onone";
			};
			name = Debug;
		};
		FFCE4313259F2FD000DB9290 /* Release */ = {
			isa = XCBuildConfiguration;
			buildSettings = {
				ALWAYS_SEARCH_USER_PATHS = NO;
				CLANG_ANALYZER_NONNULL = YES;
				CLANG_ANALYZER_NUMBER_OBJECT_CONVERSION = YES_AGGRESSIVE;
				CLANG_CXX_LANGUAGE_STANDARD = "gnu++14";
				CLANG_CXX_LIBRARY = "libc++";
				CLANG_ENABLE_MODULES = YES;
				CLANG_ENABLE_OBJC_ARC = YES;
				CLANG_ENABLE_OBJC_WEAK = YES;
				CLANG_WARN_BLOCK_CAPTURE_AUTORELEASING = YES;
				CLANG_WARN_BOOL_CONVERSION = YES;
				CLANG_WARN_COMMA = YES;
				CLANG_WARN_CONSTANT_CONVERSION = YES;
				CLANG_WARN_DEPRECATED_OBJC_IMPLEMENTATIONS = YES;
				CLANG_WARN_DIRECT_OBJC_ISA_USAGE = YES_ERROR;
				CLANG_WARN_DOCUMENTATION_COMMENTS = YES;
				CLANG_WARN_EMPTY_BODY = YES;
				CLANG_WARN_ENUM_CONVERSION = YES;
				CLANG_WARN_INFINITE_RECURSION = YES;
				CLANG_WARN_INT_CONVERSION = YES;
				CLANG_WARN_NON_LITERAL_NULL_CONVERSION = YES;
				CLANG_WARN_OBJC_IMPLICIT_RETAIN_SELF = YES;
				CLANG_WARN_OBJC_LITERAL_CONVERSION = YES;
				CLANG_WARN_OBJC_ROOT_CLASS = YES_ERROR;
				CLANG_WARN_QUOTED_INCLUDE_IN_FRAMEWORK_HEADER = YES;
				CLANG_WARN_RANGE_LOOP_ANALYSIS = YES;
				CLANG_WARN_STRICT_PROTOTYPES = YES;
				CLANG_WARN_SUSPICIOUS_MOVE = YES;
				CLANG_WARN_UNGUARDED_AVAILABILITY = YES_AGGRESSIVE;
				CLANG_WARN_UNREACHABLE_CODE = YES;
				CLANG_WARN__DUPLICATE_METHOD_MATCH = YES;
				COPY_PHASE_STRIP = NO;
				DEBUG_INFORMATION_FORMAT = "dwarf-with-dsym";
				ENABLE_NS_ASSERTIONS = NO;
				ENABLE_STRICT_OBJC_MSGSEND = YES;
				GCC_C_LANGUAGE_STANDARD = gnu11;
				GCC_NO_COMMON_BLOCKS = YES;
				GCC_WARN_64_TO_32_BIT_CONVERSION = YES;
				GCC_WARN_ABOUT_RETURN_TYPE = YES_ERROR;
				GCC_WARN_UNDECLARED_SELECTOR = YES;
				GCC_WARN_UNINITIALIZED_AUTOS = YES_AGGRESSIVE;
				GCC_WARN_UNUSED_FUNCTION = YES;
				GCC_WARN_UNUSED_VARIABLE = YES;
				IPHONEOS_DEPLOYMENT_TARGET = 14.1;
				MTL_ENABLE_DEBUG_INFO = NO;
				MTL_FAST_MATH = YES;
				SDKROOT = iphoneos;
				SWIFT_COMPILATION_MODE = wholemodule;
				SWIFT_OPTIMIZATION_LEVEL = "-O";
				VALIDATE_PRODUCT = YES;
			};
			name = Release;
		};
		FFCE4315259F2FD000DB9290 /* Debug */ = {
			isa = XCBuildConfiguration;
			buildSettings = {
				ASSETCATALOG_COMPILER_APPICON_NAME = AppIcon;
				ASSETCATALOG_COMPILER_GLOBAL_ACCENT_COLOR_NAME = AccentColor;
				CODE_SIGN_STYLE = Automatic;
				INFOPLIST_FILE = "Degate Pattern ex/Info.plist";
				LD_RUNPATH_SEARCH_PATHS = (
					"$(inherited)",
					"@executable_path/Frameworks",
				);
				PRODUCT_BUNDLE_IDENTIFIER = "selfProject.Degate-Pattern-ex";
				PRODUCT_NAME = "$(TARGET_NAME)";
				SWIFT_VERSION = 5.0;
				TARGETED_DEVICE_FAMILY = "1,2";
			};
			name = Debug;
		};
		FFCE4316259F2FD000DB9290 /* Release */ = {
			isa = XCBuildConfiguration;
			buildSettings = {
				ASSETCATALOG_COMPILER_APPICON_NAME = AppIcon;
				ASSETCATALOG_COMPILER_GLOBAL_ACCENT_COLOR_NAME = AccentColor;
				CODE_SIGN_STYLE = Automatic;
				INFOPLIST_FILE = "Degate Pattern ex/Info.plist";
				LD_RUNPATH_SEARCH_PATHS = (
					"$(inherited)",
					"@executable_path/Frameworks",
				);
				PRODUCT_BUNDLE_IDENTIFIER = "selfProject.Degate-Pattern-ex";
				PRODUCT_NAME = "$(TARGET_NAME)";
				SWIFT_VERSION = 5.0;
				TARGETED_DEVICE_FAMILY = "1,2";
			};
			name = Release;
		};
/* End XCBuildConfiguration section */

/* Begin XCConfigurationList section */
		FFCE42F8259F2FCD00DB9290 /* Build configuration list for PBXProject "Degate Pattern ex" */ = {
			isa = XCConfigurationList;
			buildConfigurations = (
				FFCE4312259F2FD000DB9290 /* Debug */,
				FFCE4313259F2FD000DB9290 /* Release */,
			);
			defaultConfigurationIsVisible = 0;
			defaultConfigurationName = Release;
		};
		FFCE4314259F2FD000DB9290 /* Build configuration list for PBXNativeTarget "Degate Pattern ex" */ = {
			isa = XCConfigurationList;
			buildConfigurations = (
				FFCE4315259F2FD000DB9290 /* Debug */,
				FFCE4316259F2FD000DB9290 /* Release */,
			);
			defaultConfigurationIsVisible = 0;
			defaultConfigurationName = Release;
		};
/* End XCConfigurationList section */

/* Begin XCVersionGroup section */
		FFCE4309259F2FCD00DB9290 /* Degate_Pattern_ex.xcdatamodeld */ = {
			isa = XCVersionGroup;
			children = (
				FFCE430A259F2FCD00DB9290 /* Degate_Pattern_ex.xcdatamodel */,
			);
			currentVersion = FFCE430A259F2FCD00DB9290 /* Degate_Pattern_ex.xcdatamodel */;
			path = Degate_Pattern_ex.xcdatamodeld;
			sourceTree = "<group>";
			versionGroupType = wrapper.xcdatamodel;
		};
/* End XCVersionGroup section */
	};
	rootObject = FFCE42F5259F2FCD00DB9290 /* Project object */;
}
