// !$*UTF8*$!
{
	archiveVersion = 1;
	classes = {
	};
	objectVersion = 50;
	objects = {

/* Begin PBXBuildFile section */
		49D3764C2524DAE900070BA7 /* AppDelegate.swift in Sources */ = {isa = PBXBuildFile; fileRef = 49D3764B2524DAE900070BA7 /* AppDelegate.swift */; };
		49D3764E2524DAE900070BA7 /* SceneDelegate.swift in Sources */ = {isa = PBXBuildFile; fileRef = 49D3764D2524DAE900070BA7 /* SceneDelegate.swift */; };
		49D376502524DAE900070BA7 /* ContentView.swift in Sources */ = {isa = PBXBuildFile; fileRef = 49D3764F2524DAE900070BA7 /* ContentView.swift */; };
		49D376522524DAEA00070BA7 /* Assets.xcassets in Resources */ = {isa = PBXBuildFile; fileRef = 49D376512524DAEA00070BA7 /* Assets.xcassets */; };
		49D376552524DAEA00070BA7 /* Preview Assets.xcassets in Resources */ = {isa = PBXBuildFile; fileRef = 49D376542524DAEA00070BA7 /* Preview Assets.xcassets */; };
		49D376582524DAEA00070BA7 /* LaunchScreen.storyboard in Resources */ = {isa = PBXBuildFile; fileRef = 49D376562524DAEA00070BA7 /* LaunchScreen.storyboard */; };
		49D376632524DAEA00070BA7 /* MyFirstAppTests.swift in Sources */ = {isa = PBXBuildFile; fileRef = 49D376622524DAEA00070BA7 /* MyFirstAppTests.swift */; };
		49D3766E2524DAEA00070BA7 /* MyFirstAppUITests.swift in Sources */ = {isa = PBXBuildFile; fileRef = 49D3766D2524DAEA00070BA7 /* MyFirstAppUITests.swift */; };
/* End PBXBuildFile section */

/* Begin PBXContainerItemProxy section */
		49D3765F2524DAEA00070BA7 /* PBXContainerItemProxy */ = {
			isa = PBXContainerItemProxy;
			containerPortal = 49D376402524DAE900070BA7 /* Project object */;
			proxyType = 1;
			remoteGlobalIDString = 49D376472524DAE900070BA7;
			remoteInfo = MyFirstApp;
		};
		49D3766A2524DAEA00070BA7 /* PBXContainerItemProxy */ = {
			isa = PBXContainerItemProxy;
			containerPortal = 49D376402524DAE900070BA7 /* Project object */;
			proxyType = 1;
			remoteGlobalIDString = 49D376472524DAE900070BA7;
			remoteInfo = MyFirstApp;
		};
/* End PBXContainerItemProxy section */

/* Begin PBXFileReference section */
		49D376482524DAE900070BA7 /* MyFirstApp.app */ = {isa = PBXFileReference; explicitFileType = wrapper.application; includeInIndex = 0; path = MyFirstApp.app; sourceTree = BUILT_PRODUCTS_DIR; };
		49D3764B2524DAE900070BA7 /* AppDelegate.swift */ = {isa = PBXFileReference; lastKnownFileType = sourcecode.swift; path = AppDelegate.swift; sourceTree = "<group>"; };
		49D3764D2524DAE900070BA7 /* SceneDelegate.swift */ = {isa = PBXFileReference; lastKnownFileType = sourcecode.swift; path = SceneDelegate.swift; sourceTree = "<group>"; };
		49D3764F2524DAE900070BA7 /* ContentView.swift */ = {isa = PBXFileReference; lastKnownFileType = sourcecode.swift; path = ContentView.swift; sourceTree = "<group>"; };
		49D376512524DAEA00070BA7 /* Assets.xcassets */ = {isa = PBXFileReference; lastKnownFileType = folder.assetcatalog; path = Assets.xcassets; sourceTree = "<group>"; };
		49D376542524DAEA00070BA7 /* Preview Assets.xcassets */ = {isa = PBXFileReference; lastKnownFileType = folder.assetcatalog; path = "Preview Assets.xcassets"; sourceTree = "<group>"; };
		49D376572524DAEA00070BA7 /* Base */ = {isa = PBXFileReference; lastKnownFileType = file.storyboard; name = Base; path = Base.lproj/LaunchScreen.storyboard; sourceTree = "<group>"; };
		49D376592524DAEA00070BA7 /* Info.plist */ = {isa = PBXFileReference; lastKnownFileType = text.plist.xml; path = Info.plist; sourceTree = "<group>"; };
		49D3765E2524DAEA00070BA7 /* MyFirstAppTests.xctest */ = {isa = PBXFileReference; explicitFileType = wrapper.cfbundle; includeInIndex = 0; path = MyFirstAppTests.xctest; sourceTree = BUILT_PRODUCTS_DIR; };
		49D376622524DAEA00070BA7 /* MyFirstAppTests.swift */ = {isa = PBXFileReference; lastKnownFileType = sourcecode.swift; path = MyFirstAppTests.swift; sourceTree = "<group>"; };
		49D376642524DAEA00070BA7 /* Info.plist */ = {isa = PBXFileReference; lastKnownFileType = text.plist.xml; path = Info.plist; sourceTree = "<group>"; };
		49D376692524DAEA00070BA7 /* MyFirstAppUITests.xctest */ = {isa = PBXFileReference; explicitFileType = wrapper.cfbundle; includeInIndex = 0; path = MyFirstAppUITests.xctest; sourceTree = BUILT_PRODUCTS_DIR; };
		49D3766D2524DAEA00070BA7 /* MyFirstAppUITests.swift */ = {isa = PBXFileReference; lastKnownFileType = sourcecode.swift; path = MyFirstAppUITests.swift; sourceTree = "<group>"; };
		49D3766F2524DAEA00070BA7 /* Info.plist */ = {isa = PBXFileReference; lastKnownFileType = text.plist.xml; path = Info.plist; sourceTree = "<group>"; };
/* End PBXFileReference section */

/* Begin PBXFrameworksBuildPhase section */
		49D376452524DAE900070BA7 /* Frameworks */ = {
			isa = PBXFrameworksBuildPhase;
			buildActionMask = 2147483647;
			files = (
			);
			runOnlyForDeploymentPostprocessing = 0;
		};
		49D3765B2524DAEA00070BA7 /* Frameworks */ = {
			isa = PBXFrameworksBuildPhase;
			buildActionMask = 2147483647;
			files = (
			);
			runOnlyForDeploymentPostprocessing = 0;
		};
		49D376662524DAEA00070BA7 /* Frameworks */ = {
			isa = PBXFrameworksBuildPhase;
			buildActionMask = 2147483647;
			files = (
			);
			runOnlyForDeploymentPostprocessing = 0;
		};
/* End PBXFrameworksBuildPhase section */

/* Begin PBXGroup section */
		49D3763F2524DAE900070BA7 = {
			isa = PBXGroup;
			children = (
				49D3764A2524DAE900070BA7 /* MyFirstApp */,
				49D376612524DAEA00070BA7 /* MyFirstAppTests */,
				49D3766C2524DAEA00070BA7 /* MyFirstAppUITests */,
				49D376492524DAE900070BA7 /* Products */,
			);
			sourceTree = "<group>";
		};
		49D376492524DAE900070BA7 /* Products */ = {
			isa = PBXGroup;
			children = (
				49D376482524DAE900070BA7 /* MyFirstApp.app */,
				49D3765E2524DAEA00070BA7 /* MyFirstAppTests.xctest */,
				49D376692524DAEA00070BA7 /* MyFirstAppUITests.xctest */,
			);
			name = Products;
			sourceTree = "<group>";
		};
		49D3764A2524DAE900070BA7 /* MyFirstApp */ = {
			isa = PBXGroup;
			children = (
				49D3764B2524DAE900070BA7 /* AppDelegate.swift */,
				49D3764D2524DAE900070BA7 /* SceneDelegate.swift */,
				49D3764F2524DAE900070BA7 /* ContentView.swift */,
				49D376512524DAEA00070BA7 /* Assets.xcassets */,
				49D376562524DAEA00070BA7 /* LaunchScreen.storyboard */,
				49D376592524DAEA00070BA7 /* Info.plist */,
				49D376532524DAEA00070BA7 /* Preview Content */,
			);
			path = MyFirstApp;
			sourceTree = "<group>";
		};
		49D376532524DAEA00070BA7 /* Preview Content */ = {
			isa = PBXGroup;
			children = (
				49D376542524DAEA00070BA7 /* Preview Assets.xcassets */,
			);
			path = "Preview Content";
			sourceTree = "<group>";
		};
		49D376612524DAEA00070BA7 /* MyFirstAppTests */ = {
			isa = PBXGroup;
			children = (
				49D376622524DAEA00070BA7 /* MyFirstAppTests.swift */,
				49D376642524DAEA00070BA7 /* Info.plist */,
			);
			path = MyFirstAppTests;
			sourceTree = "<group>";
		};
		49D3766C2524DAEA00070BA7 /* MyFirstAppUITests */ = {
			isa = PBXGroup;
			children = (
				49D3766D2524DAEA00070BA7 /* MyFirstAppUITests.swift */,
				49D3766F2524DAEA00070BA7 /* Info.plist */,
			);
			path = MyFirstAppUITests;
			sourceTree = "<group>";
		};
/* End PBXGroup section */

/* Begin PBXNativeTarget section */
		49D376472524DAE900070BA7 /* MyFirstApp */ = {
			isa = PBXNativeTarget;
			buildConfigurationList = 49D376722524DAEA00070BA7 /* Build configuration list for PBXNativeTarget "MyFirstApp" */;
			buildPhases = (
				49D376442524DAE900070BA7 /* Sources */,
				49D376452524DAE900070BA7 /* Frameworks */,
				49D376462524DAE900070BA7 /* Resources */,
			);
			buildRules = (
			);
			dependencies = (
			);
			name = MyFirstApp;
			productName = MyFirstApp;
			productReference = 49D376482524DAE900070BA7 /* MyFirstApp.app */;
			productType = "com.apple.product-type.application";
		};
		49D3765D2524DAEA00070BA7 /* MyFirstAppTests */ = {
			isa = PBXNativeTarget;
			buildConfigurationList = 49D376752524DAEA00070BA7 /* Build configuration list for PBXNativeTarget "MyFirstAppTests" */;
			buildPhases = (
				49D3765A2524DAEA00070BA7 /* Sources */,
				49D3765B2524DAEA00070BA7 /* Frameworks */,
				49D3765C2524DAEA00070BA7 /* Resources */,
			);
			buildRules = (
			);
			dependencies = (
				49D376602524DAEA00070BA7 /* PBXTargetDependency */,
			);
			name = MyFirstAppTests;
			productName = MyFirstAppTests;
			productReference = 49D3765E2524DAEA00070BA7 /* MyFirstAppTests.xctest */;
			productType = "com.apple.product-type.bundle.unit-test";
		};
		49D376682524DAEA00070BA7 /* MyFirstAppUITests */ = {
			isa = PBXNativeTarget;
			buildConfigurationList = 49D376782524DAEA00070BA7 /* Build configuration list for PBXNativeTarget "MyFirstAppUITests" */;
			buildPhases = (
				49D376652524DAEA00070BA7 /* Sources */,
				49D376662524DAEA00070BA7 /* Frameworks */,
				49D376672524DAEA00070BA7 /* Resources */,
			);
			buildRules = (
			);
			dependencies = (
				49D3766B2524DAEA00070BA7 /* PBXTargetDependency */,
			);
			name = MyFirstAppUITests;
			productName = MyFirstAppUITests;
			productReference = 49D376692524DAEA00070BA7 /* MyFirstAppUITests.xctest */;
			productType = "com.apple.product-type.bundle.ui-testing";
		};
/* End PBXNativeTarget section */

/* Begin PBXProject section */
		49D376402524DAE900070BA7 /* Project object */ = {
			isa = PBXProject;
			attributes = {
				LastSwiftUpdateCheck = 1140;
				LastUpgradeCheck = 1140;
				ORGANIZATIONNAME = "조상호";
				TargetAttributes = {
					49D376472524DAE900070BA7 = {
						CreatedOnToolsVersion = 11.4;
					};
					49D3765D2524DAEA00070BA7 = {
						CreatedOnToolsVersion = 11.4;
						TestTargetID = 49D376472524DAE900070BA7;
					};
					49D376682524DAEA00070BA7 = {
						CreatedOnToolsVersion = 11.4;
						TestTargetID = 49D376472524DAE900070BA7;
					};
				};
			};
			buildConfigurationList = 49D376432524DAE900070BA7 /* Build configuration list for PBXProject "MyFirstApp" */;
			compatibilityVersion = "Xcode 9.3";
			developmentRegion = en;
			hasScannedForEncodings = 0;
			knownRegions = (
				en,
				Base,
			);
			mainGroup = 49D3763F2524DAE900070BA7;
			productRefGroup = 49D376492524DAE900070BA7 /* Products */;
			projectDirPath = "";
			projectRoot = "";
			targets = (
				49D376472524DAE900070BA7 /* MyFirstApp */,
				49D3765D2524DAEA00070BA7 /* MyFirstAppTests */,
				49D376682524DAEA00070BA7 /* MyFirstAppUITests */,
			);
		};
/* End PBXProject section */

/* Begin PBXResourcesBuildPhase section */
		49D376462524DAE900070BA7 /* Resources */ = {
			isa = PBXResourcesBuildPhase;
			buildActionMask = 2147483647;
			files = (
				49D376582524DAEA00070BA7 /* LaunchScreen.storyboard in Resources */,
				49D376552524DAEA00070BA7 /* Preview Assets.xcassets in Resources */,
				49D376522524DAEA00070BA7 /* Assets.xcassets in Resources */,
			);
			runOnlyForDeploymentPostprocessing = 0;
		};
		49D3765C2524DAEA00070BA7 /* Resources */ = {
			isa = PBXResourcesBuildPhase;
			buildActionMask = 2147483647;
			files = (
			);
			runOnlyForDeploymentPostprocessing = 0;
		};
		49D376672524DAEA00070BA7 /* Resources */ = {
			isa = PBXResourcesBuildPhase;
			buildActionMask = 2147483647;
			files = (
			);
			runOnlyForDeploymentPostprocessing = 0;
		};
/* End PBXResourcesBuildPhase section */

/* Begin PBXSourcesBuildPhase section */
		49D376442524DAE900070BA7 /* Sources */ = {
			isa = PBXSourcesBuildPhase;
			buildActionMask = 2147483647;
			files = (
				49D3764C2524DAE900070BA7 /* AppDelegate.swift in Sources */,
				49D3764E2524DAE900070BA7 /* SceneDelegate.swift in Sources */,
				49D376502524DAE900070BA7 /* ContentView.swift in Sources */,
			);
			runOnlyForDeploymentPostprocessing = 0;
		};
		49D3765A2524DAEA00070BA7 /* Sources */ = {
			isa = PBXSourcesBuildPhase;
			buildActionMask = 2147483647;
			files = (
				49D376632524DAEA00070BA7 /* MyFirstAppTests.swift in Sources */,
			);
			runOnlyForDeploymentPostprocessing = 0;
		};
		49D376652524DAEA00070BA7 /* Sources */ = {
			isa = PBXSourcesBuildPhase;
			buildActionMask = 2147483647;
			files = (
				49D3766E2524DAEA00070BA7 /* MyFirstAppUITests.swift in Sources */,
			);
			runOnlyForDeploymentPostprocessing = 0;
		};
/* End PBXSourcesBuildPhase section */

/* Begin PBXTargetDependency section */
		49D376602524DAEA00070BA7 /* PBXTargetDependency */ = {
			isa = PBXTargetDependency;
			target = 49D376472524DAE900070BA7 /* MyFirstApp */;
			targetProxy = 49D3765F2524DAEA00070BA7 /* PBXContainerItemProxy */;
		};
		49D3766B2524DAEA00070BA7 /* PBXTargetDependency */ = {
			isa = PBXTargetDependency;
			target = 49D376472524DAE900070BA7 /* MyFirstApp */;
			targetProxy = 49D3766A2524DAEA00070BA7 /* PBXContainerItemProxy */;
		};
/* End PBXTargetDependency section */

/* Begin PBXVariantGroup section */
		49D376562524DAEA00070BA7 /* LaunchScreen.storyboard */ = {
			isa = PBXVariantGroup;
			children = (
				49D376572524DAEA00070BA7 /* Base */,
			);
			name = LaunchScreen.storyboard;
			sourceTree = "<group>";
		};
/* End PBXVariantGroup section */

/* Begin XCBuildConfiguration section */
		49D376702524DAEA00070BA7 /* Debug */ = {
			isa = XCBuildConfiguration;
			buildSettings = {
				ALWAYS_SEARCH_USER_PATHS = NO;
				CLANG_ANALYZER_NONNULL = YES;
				CLANG_ANALYZER_NUMBER_OBJECT_CONVERSION = YES_AGGRESSIVE;
				CLANG_CXX_LANGUAGE_STANDARD = "gnu++14";
				CLANG_CXX_LIBRARY = "libc++";
				CLANG_ENABLE_MODULES = YES;
				CLANG_ENABLE_OBJC_ARC = YES;
				CLANG_ENABLE_OBJC_WEAK = YES;
				CLANG_WARN_BLOCK_CAPTURE_AUTORELEASING = YES;
				CLANG_WARN_BOOL_CONVERSION = YES;
				CLANG_WARN_COMMA = YES;
				CLANG_WARN_CONSTANT_CONVERSION = YES;
				CLANG_WARN_DEPRECATED_OBJC_IMPLEMENTATIONS = YES;
				CLANG_WARN_DIRECT_OBJC_ISA_USAGE = YES_ERROR;
				CLANG_WARN_DOCUMENTATION_COMMENTS = YES;
				CLANG_WARN_EMPTY_BODY = YES;
				CLANG_WARN_ENUM_CONVERSION = YES;
				CLANG_WARN_INFINITE_RECURSION = YES;
				CLANG_WARN_INT_CONVERSION = YES;
				CLANG_WARN_NON_LITERAL_NULL_CONVERSION = YES;
				CLANG_WARN_OBJC_IMPLICIT_RETAIN_SELF = YES;
				CLANG_WARN_OBJC_LITERAL_CONVERSION = YES;
				CLANG_WARN_OBJC_ROOT_CLASS = YES_ERROR;
				CLANG_WARN_RANGE_LOOP_ANALYSIS = YES;
				CLANG_WARN_STRICT_PROTOTYPES = YES;
				CLANG_WARN_SUSPICIOUS_MOVE = YES;
				CLANG_WARN_UNGUARDED_AVAILABILITY = YES_AGGRESSIVE;
				CLANG_WARN_UNREACHABLE_CODE = YES;
				CLANG_WARN__DUPLICATE_METHOD_MATCH = YES;
				COPY_PHASE_STRIP = NO;
				DEBUG_INFORMATION_FORMAT = dwarf;
				ENABLE_STRICT_OBJC_MSGSEND = YES;
				ENABLE_TESTABILITY = YES;
				GCC_C_LANGUAGE_STANDARD = gnu11;
				GCC_DYNAMIC_NO_PIC = NO;
				GCC_NO_COMMON_BLOCKS = YES;
				GCC_OPTIMIZATION_LEVEL = 0;
				GCC_PREPROCESSOR_DEFINITIONS = (
					"DEBUG=1",
					"$(inherited)",
				);
				GCC_WARN_64_TO_32_BIT_CONVERSION = YES;
				GCC_WARN_ABOUT_RETURN_TYPE = YES_ERROR;
				GCC_WARN_UNDECLARED_SELECTOR = YES;
				GCC_WARN_UNINITIALIZED_AUTOS = YES_AGGRESSIVE;
				GCC_WARN_UNUSED_FUNCTION = YES;
				GCC_WARN_UNUSED_VARIABLE = YES;
				IPHONEOS_DEPLOYMENT_TARGET = 13.4;
				MTL_ENABLE_DEBUG_INFO = INCLUDE_SOURCE;
				MTL_FAST_MATH = YES;
				ONLY_ACTIVE_ARCH = YES;
				SDKROOT = iphoneos;
				SWIFT_ACTIVE_COMPILATION_CONDITIONS = DEBUG;
				SWIFT_OPTIMIZATION_LEVEL = "-Onone";
			};
			name = Debug;
		};
		49D376712524DAEA00070BA7 /* Release */ = {
			isa = XCBuildConfiguration;
			buildSettings = {
				ALWAYS_SEARCH_USER_PATHS = NO;
				CLANG_ANALYZER_NONNULL = YES;
				CLANG_ANALYZER_NUMBER_OBJECT_CONVERSION = YES_AGGRESSIVE;
				CLANG_CXX_LANGUAGE_STANDARD = "gnu++14";
				CLANG_CXX_LIBRARY = "libc++";
				CLANG_ENABLE_MODULES = YES;
				CLANG_ENABLE_OBJC_ARC = YES;
				CLANG_ENABLE_OBJC_WEAK = YES;
				CLANG_WARN_BLOCK_CAPTURE_AUTORELEASING = YES;
				CLANG_WARN_BOOL_CONVERSION = YES;
				CLANG_WARN_COMMA = YES;
				CLANG_WARN_CONSTANT_CONVERSION = YES;
				CLANG_WARN_DEPRECATED_OBJC_IMPLEMENTATIONS = YES;
				CLANG_WARN_DIRECT_OBJC_ISA_USAGE = YES_ERROR;
				CLANG_WARN_DOCUMENTATION_COMMENTS = YES;
				CLANG_WARN_EMPTY_BODY = YES;
				CLANG_WARN_ENUM_CONVERSION = YES;
				CLANG_WARN_INFINITE_RECURSION = YES;
				CLANG_WARN_INT_CONVERSION = YES;
				CLANG_WARN_NON_LITERAL_NULL_CONVERSION = YES;
				CLANG_WARN_OBJC_IMPLICIT_RETAIN_SELF = YES;
				CLANG_WARN_OBJC_LITERAL_CONVERSION = YES;
				CLANG_WARN_OBJC_ROOT_CLASS = YES_ERROR;
				CLANG_WARN_RANGE_LOOP_ANALYSIS = YES;
				CLANG_WARN_STRICT_PROTOTYPES = YES;
				CLANG_WARN_SUSPICIOUS_MOVE = YES;
				CLANG_WARN_UNGUARDED_AVAILABILITY = YES_AGGRESSIVE;
				CLANG_WARN_UNREACHABLE_CODE = YES;
				CLANG_WARN__DUPLICATE_METHOD_MATCH = YES;
				COPY_PHASE_STRIP = NO;
				DEBUG_INFORMATION_FORMAT = "dwarf-with-dsym";
				ENABLE_NS_ASSERTIONS = NO;
				ENABLE_STRICT_OBJC_MSGSEND = YES;
				GCC_C_LANGUAGE_STANDARD = gnu11;
				GCC_NO_COMMON_BLOCKS = YES;
				GCC_WARN_64_TO_32_BIT_CONVERSION = YES;
				GCC_WARN_ABOUT_RETURN_TYPE = YES_ERROR;
				GCC_WARN_UNDECLARED_SELECTOR = YES;
				GCC_WARN_UNINITIALIZED_AUTOS = YES_AGGRESSIVE;
				GCC_WARN_UNUSED_FUNCTION = YES;
				GCC_WARN_UNUSED_VARIABLE = YES;
				IPHONEOS_DEPLOYMENT_TARGET = 13.4;
				MTL_ENABLE_DEBUG_INFO = NO;
				MTL_FAST_MATH = YES;
				SDKROOT = iphoneos;
				SWIFT_COMPILATION_MODE = wholemodule;
				SWIFT_OPTIMIZATION_LEVEL = "-O";
				VALIDATE_PRODUCT = YES;
			};
			name = Release;
		};
		49D376732524DAEA00070BA7 /* Debug */ = {
			isa = XCBuildConfiguration;
			buildSettings = {
				ASSETCATALOG_COMPILER_APPICON_NAME = AppIcon;
				CODE_SIGN_STYLE = Automatic;
				DEVELOPMENT_ASSET_PATHS = "\"MyFirstApp/Preview Content\"";
				ENABLE_PREVIEWS = YES;
				INFOPLIST_FILE = MyFirstApp/Info.plist;
				LD_RUNPATH_SEARCH_PATHS = (
					"$(inherited)",
					"@executable_path/Frameworks",
				);
				PRODUCT_BUNDLE_IDENTIFIER = forBanksalad.MyFirstApp;
				PRODUCT_NAME = "$(TARGET_NAME)";
				SWIFT_VERSION = 5.0;
				TARGETED_DEVICE_FAMILY = "1,2";
			};
			name = Debug;
		};
		49D376742524DAEA00070BA7 /* Release */ = {
			isa = XCBuildConfiguration;
			buildSettings = {
				ASSETCATALOG_COMPILER_APPICON_NAME = AppIcon;
				CODE_SIGN_STYLE = Automatic;
				DEVELOPMENT_ASSET_PATHS = "\"MyFirstApp/Preview Content\"";
				ENABLE_PREVIEWS = YES;
				INFOPLIST_FILE = MyFirstApp/Info.plist;
				LD_RUNPATH_SEARCH_PATHS = (
					"$(inherited)",
					"@executable_path/Frameworks",
				);
				PRODUCT_BUNDLE_IDENTIFIER = forBanksalad.MyFirstApp;
				PRODUCT_NAME = "$(TARGET_NAME)";
				SWIFT_VERSION = 5.0;
				TARGETED_DEVICE_FAMILY = "1,2";
			};
			name = Release;
		};
		49D376762524DAEA00070BA7 /* Debug */ = {
			isa = XCBuildConfiguration;
			buildSettings = {
				ALWAYS_EMBED_SWIFT_STANDARD_LIBRARIES = YES;
				BUNDLE_LOADER = "$(TEST_HOST)";
				CODE_SIGN_STYLE = Automatic;
				INFOPLIST_FILE = MyFirstAppTests/Info.plist;
				IPHONEOS_DEPLOYMENT_TARGET = 13.4;
				LD_RUNPATH_SEARCH_PATHS = (
					"$(inherited)",
					"@executable_path/Frameworks",
					"@loader_path/Frameworks",
				);
				PRODUCT_BUNDLE_IDENTIFIER = forBanksalad.MyFirstAppTests;
				PRODUCT_NAME = "$(TARGET_NAME)";
				SWIFT_VERSION = 5.0;
				TARGETED_DEVICE_FAMILY = "1,2";
				TEST_HOST = "$(BUILT_PRODUCTS_DIR)/MyFirstApp.app/MyFirstApp";
			};
			name = Debug;
		};
		49D376772524DAEA00070BA7 /* Release */ = {
			isa = XCBuildConfiguration;
			buildSettings = {
				ALWAYS_EMBED_SWIFT_STANDARD_LIBRARIES = YES;
				BUNDLE_LOADER = "$(TEST_HOST)";
				CODE_SIGN_STYLE = Automatic;
				INFOPLIST_FILE = MyFirstAppTests/Info.plist;
				IPHONEOS_DEPLOYMENT_TARGET = 13.4;
				LD_RUNPATH_SEARCH_PATHS = (
					"$(inherited)",
					"@executable_path/Frameworks",
					"@loader_path/Frameworks",
				);
				PRODUCT_BUNDLE_IDENTIFIER = forBanksalad.MyFirstAppTests;
				PRODUCT_NAME = "$(TARGET_NAME)";
				SWIFT_VERSION = 5.0;
				TARGETED_DEVICE_FAMILY = "1,2";
				TEST_HOST = "$(BUILT_PRODUCTS_DIR)/MyFirstApp.app/MyFirstApp";
			};
			name = Release;
		};
		49D376792524DAEA00070BA7 /* Debug */ = {
			isa = XCBuildConfiguration;
			buildSettings = {
				ALWAYS_EMBED_SWIFT_STANDARD_LIBRARIES = YES;
				CODE_SIGN_STYLE = Automatic;
				INFOPLIST_FILE = MyFirstAppUITests/Info.plist;
				LD_RUNPATH_SEARCH_PATHS = (
					"$(inherited)",
					"@executable_path/Frameworks",
					"@loader_path/Frameworks",
				);
				PRODUCT_BUNDLE_IDENTIFIER = forBanksalad.MyFirstAppUITests;
				PRODUCT_NAME = "$(TARGET_NAME)";
				SWIFT_VERSION = 5.0;
				TARGETED_DEVICE_FAMILY = "1,2";
				TEST_TARGET_NAME = MyFirstApp;
			};
			name = Debug;
		};
		49D3767A2524DAEA00070BA7 /* Release */ = {
			isa = XCBuildConfiguration;
			buildSettings = {
				ALWAYS_EMBED_SWIFT_STANDARD_LIBRARIES = YES;
				CODE_SIGN_STYLE = Automatic;
				INFOPLIST_FILE = MyFirstAppUITests/Info.plist;
				LD_RUNPATH_SEARCH_PATHS = (
					"$(inherited)",
					"@executable_path/Frameworks",
					"@loader_path/Frameworks",
				);
				PRODUCT_BUNDLE_IDENTIFIER = forBanksalad.MyFirstAppUITests;
				PRODUCT_NAME = "$(TARGET_NAME)";
				SWIFT_VERSION = 5.0;
				TARGETED_DEVICE_FAMILY = "1,2";
				TEST_TARGET_NAME = MyFirstApp;
			};
			name = Release;
		};
/* End XCBuildConfiguration section */

/* Begin XCConfigurationList section */
		49D376432524DAE900070BA7 /* Build configuration list for PBXProject "MyFirstApp" */ = {
			isa = XCConfigurationList;
			buildConfigurations = (
				49D376702524DAEA00070BA7 /* Debug */,
				49D376712524DAEA00070BA7 /* Release */,
			);
			defaultConfigurationIsVisible = 0;
			defaultConfigurationName = Release;
		};
		49D376722524DAEA00070BA7 /* Build configuration list for PBXNativeTarget "MyFirstApp" */ = {
			isa = XCConfigurationList;
			buildConfigurations = (
				49D376732524DAEA00070BA7 /* Debug */,
				49D376742524DAEA00070BA7 /* Release */,
			);
			defaultConfigurationIsVisible = 0;
			defaultConfigurationName = Release;
		};
		49D376752524DAEA00070BA7 /* Build configuration list for PBXNativeTarget "MyFirstAppTests" */ = {
			isa = XCConfigurationList;
			buildConfigurations = (
				49D376762524DAEA00070BA7 /* Debug */,
				49D376772524DAEA00070BA7 /* Release */,
			);
			defaultConfigurationIsVisible = 0;
			defaultConfigurationName = Release;
		};
		49D376782524DAEA00070BA7 /* Build configuration list for PBXNativeTarget "MyFirstAppUITests" */ = {
			isa = XCConfigurationList;
			buildConfigurations = (
				49D376792524DAEA00070BA7 /* Debug */,
				49D3767A2524DAEA00070BA7 /* Release */,
			);
			defaultConfigurationIsVisible = 0;
			defaultConfigurationName = Release;
		};
/* End XCConfigurationList section */
	};
	rootObject = 49D376402524DAE900070BA7 /* Project object */;
}
