// !$*UTF8*$!
{
	archiveVersion = 1;
	classes = {
	};
	objectVersion = 50;
	objects = {

/* Begin PBXBuildFile section */
		FFDDC108257B7F0400162835 /* AppDelegate.swift in Sources */ = {isa = PBXBuildFile; fileRef = FFDDC107257B7F0400162835 /* AppDelegate.swift */; };
		FFDDC10A257B7F0400162835 /* SceneDelegate.swift in Sources */ = {isa = PBXBuildFile; fileRef = FFDDC109257B7F0400162835 /* SceneDelegate.swift */; };
		FFDDC10C257B7F0400162835 /* ViewController.swift in Sources */ = {isa = PBXBuildFile; fileRef = FFDDC10B257B7F0400162835 /* ViewController.swift */; };
		FFDDC10F257B7F0400162835 /* Main.storyboard in Resources */ = {isa = PBXBuildFile; fileRef = FFDDC10D257B7F0400162835 /* Main.storyboard */; };
		FFDDC111257B7F0F00162835 /* Assets.xcassets in Resources */ = {isa = PBXBuildFile; fileRef = FFDDC110257B7F0F00162835 /* Assets.xcassets */; };
		FFDDC114257B7F0F00162835 /* LaunchScreen.storyboard in Resources */ = {isa = PBXBuildFile; fileRef = FFDDC112257B7F0F00162835 /* LaunchScreen.storyboard */; };
		FFDDC11E257B7F8B00162835 /* libsqlite3.tbd in Frameworks */ = {isa = PBXBuildFile; fileRef = FFDDC11D257B7F8B00162835 /* libsqlite3.tbd */; };
/* End PBXBuildFile section */

/* Begin PBXFileReference section */
		FFDDC104257B7F0400162835 /* SQLite3.app */ = {isa = PBXFileReference; explicitFileType = wrapper.application; includeInIndex = 0; path = SQLite3.app; sourceTree = BUILT_PRODUCTS_DIR; };
		FFDDC107257B7F0400162835 /* AppDelegate.swift */ = {isa = PBXFileReference; lastKnownFileType = sourcecode.swift; path = AppDelegate.swift; sourceTree = "<group>"; };
		FFDDC109257B7F0400162835 /* SceneDelegate.swift */ = {isa = PBXFileReference; lastKnownFileType = sourcecode.swift; path = SceneDelegate.swift; sourceTree = "<group>"; };
		FFDDC10B257B7F0400162835 /* ViewController.swift */ = {isa = PBXFileReference; lastKnownFileType = sourcecode.swift; path = ViewController.swift; sourceTree = "<group>"; };
		FFDDC10E257B7F0400162835 /* Base */ = {isa = PBXFileReference; lastKnownFileType = file.storyboard; name = Base; path = Base.lproj/Main.storyboard; sourceTree = "<group>"; };
		FFDDC110257B7F0F00162835 /* Assets.xcassets */ = {isa = PBXFileReference; lastKnownFileType = folder.assetcatalog; path = Assets.xcassets; sourceTree = "<group>"; };
		FFDDC113257B7F0F00162835 /* Base */ = {isa = PBXFileReference; lastKnownFileType = file.storyboard; name = Base; path = Base.lproj/LaunchScreen.storyboard; sourceTree = "<group>"; };
		FFDDC115257B7F0F00162835 /* Info.plist */ = {isa = PBXFileReference; lastKnownFileType = text.plist.xml; path = Info.plist; sourceTree = "<group>"; };
		FFDDC11D257B7F8B00162835 /* libsqlite3.tbd */ = {isa = PBXFileReference; lastKnownFileType = "sourcecode.text-based-dylib-definition"; name = libsqlite3.tbd; path = usr/lib/libsqlite3.tbd; sourceTree = SDKROOT; };
		FFDDC120257B7FCA00162835 /* SQLite3-Bridging-Header.h */ = {isa = PBXFileReference; lastKnownFileType = sourcecode.c.h; path = "SQLite3-Bridging-Header.h"; sourceTree = "<group>"; };
		FFDDC125257BCA0A00162835 /* libsqlite3.0.tbd */ = {isa = PBXFileReference; lastKnownFileType = "sourcecode.text-based-dylib-definition"; name = libsqlite3.0.tbd; path = usr/lib/libsqlite3.0.tbd; sourceTree = SDKROOT; };
/* End PBXFileReference section */

/* Begin PBXFrameworksBuildPhase section */
		FFDDC101257B7F0400162835 /* Frameworks */ = {
			isa = PBXFrameworksBuildPhase;
			buildActionMask = 2147483647;
			files = (
				FFDDC11E257B7F8B00162835 /* libsqlite3.tbd in Frameworks */,
			);
			runOnlyForDeploymentPostprocessing = 0;
		};
/* End PBXFrameworksBuildPhase section */

/* Begin PBXGroup section */
		FFDDC0FB257B7F0400162835 = {
			isa = PBXGroup;
			children = (
				FFDDC106257B7F0400162835 /* SQLite3 */,
				FFDDC105257B7F0400162835 /* Products */,
				FFDDC11C257B7F8A00162835 /* Frameworks */,
			);
			sourceTree = "<group>";
		};
		FFDDC105257B7F0400162835 /* Products */ = {
			isa = PBXGroup;
			children = (
				FFDDC104257B7F0400162835 /* SQLite3.app */,
			);
			name = Products;
			sourceTree = "<group>";
		};
		FFDDC106257B7F0400162835 /* SQLite3 */ = {
			isa = PBXGroup;
			children = (
				FFDDC107257B7F0400162835 /* AppDelegate.swift */,
				FFDDC109257B7F0400162835 /* SceneDelegate.swift */,
				FFDDC10B257B7F0400162835 /* ViewController.swift */,
				FFDDC120257B7FCA00162835 /* SQLite3-Bridging-Header.h */,
				FFDDC10D257B7F0400162835 /* Main.storyboard */,
				FFDDC110257B7F0F00162835 /* Assets.xcassets */,
				FFDDC112257B7F0F00162835 /* LaunchScreen.storyboard */,
				FFDDC115257B7F0F00162835 /* Info.plist */,
			);
			path = SQLite3;
			sourceTree = "<group>";
		};
		FFDDC11C257B7F8A00162835 /* Frameworks */ = {
			isa = PBXGroup;
			children = (
				FFDDC125257BCA0A00162835 /* libsqlite3.0.tbd */,
				FFDDC11D257B7F8B00162835 /* libsqlite3.tbd */,
			);
			name = Frameworks;
			sourceTree = "<group>";
		};
/* End PBXGroup section */

/* Begin PBXNativeTarget section */
		FFDDC103257B7F0400162835 /* SQLite3 */ = {
			isa = PBXNativeTarget;
			buildConfigurationList = FFDDC118257B7F0F00162835 /* Build configuration list for PBXNativeTarget "SQLite3" */;
			buildPhases = (
				FFDDC100257B7F0400162835 /* Sources */,
				FFDDC101257B7F0400162835 /* Frameworks */,
				FFDDC102257B7F0400162835 /* Resources */,
			);
			buildRules = (
			);
			dependencies = (
			);
			name = SQLite3;
			productName = SQLite3;
			productReference = FFDDC104257B7F0400162835 /* SQLite3.app */;
			productType = "com.apple.product-type.application";
		};
/* End PBXNativeTarget section */

/* Begin PBXProject section */
		FFDDC0FC257B7F0400162835 /* Project object */ = {
			isa = PBXProject;
			attributes = {
				LastSwiftUpdateCheck = 1210;
				LastUpgradeCheck = 1210;
				TargetAttributes = {
					FFDDC103257B7F0400162835 = {
						CreatedOnToolsVersion = 12.1;
					};
				};
			};
			buildConfigurationList = FFDDC0FF257B7F0400162835 /* Build configuration list for PBXProject "SQLite3" */;
			compatibilityVersion = "Xcode 9.3";
			developmentRegion = en;
			hasScannedForEncodings = 0;
			knownRegions = (
				en,
				Base,
			);
			mainGroup = FFDDC0FB257B7F0400162835;
			productRefGroup = FFDDC105257B7F0400162835 /* Products */;
			projectDirPath = "";
			projectRoot = "";
			targets = (
				FFDDC103257B7F0400162835 /* SQLite3 */,
			);
		};
/* End PBXProject section */

/* Begin PBXResourcesBuildPhase section */
		FFDDC102257B7F0400162835 /* Resources */ = {
			isa = PBXResourcesBuildPhase;
			buildActionMask = 2147483647;
			files = (
				FFDDC114257B7F0F00162835 /* LaunchScreen.storyboard in Resources */,
				FFDDC111257B7F0F00162835 /* Assets.xcassets in Resources */,
				FFDDC10F257B7F0400162835 /* Main.storyboard in Resources */,
			);
			runOnlyForDeploymentPostprocessing = 0;
		};
/* End PBXResourcesBuildPhase section */

/* Begin PBXSourcesBuildPhase section */
		FFDDC100257B7F0400162835 /* Sources */ = {
			isa = PBXSourcesBuildPhase;
			buildActionMask = 2147483647;
			files = (
				FFDDC10C257B7F0400162835 /* ViewController.swift in Sources */,
				FFDDC108257B7F0400162835 /* AppDelegate.swift in Sources */,
				FFDDC10A257B7F0400162835 /* SceneDelegate.swift in Sources */,
			);
			runOnlyForDeploymentPostprocessing = 0;
		};
/* End PBXSourcesBuildPhase section */

/* Begin PBXVariantGroup section */
		FFDDC10D257B7F0400162835 /* Main.storyboard */ = {
			isa = PBXVariantGroup;
			children = (
				FFDDC10E257B7F0400162835 /* Base */,
			);
			name = Main.storyboard;
			sourceTree = "<group>";
		};
		FFDDC112257B7F0F00162835 /* LaunchScreen.storyboard */ = {
			isa = PBXVariantGroup;
			children = (
				FFDDC113257B7F0F00162835 /* Base */,
			);
			name = LaunchScreen.storyboard;
			sourceTree = "<group>";
		};
/* End PBXVariantGroup section */

/* Begin XCBuildConfiguration section */
		FFDDC116257B7F0F00162835 /* Debug */ = {
			isa = XCBuildConfiguration;
			buildSettings = {
				ALWAYS_SEARCH_USER_PATHS = NO;
				CLANG_ANALYZER_NONNULL = YES;
				CLANG_ANALYZER_NUMBER_OBJECT_CONVERSION = YES_AGGRESSIVE;
				CLANG_CXX_LANGUAGE_STANDARD = "gnu++14";
				CLANG_CXX_LIBRARY = "libc++";
				CLANG_ENABLE_MODULES = YES;
				CLANG_ENABLE_OBJC_ARC = YES;
				CLANG_ENABLE_OBJC_WEAK = YES;
				CLANG_WARN_BLOCK_CAPTURE_AUTORELEASING = YES;
				CLANG_WARN_BOOL_CONVERSION = YES;
				CLANG_WARN_COMMA = YES;
				CLANG_WARN_CONSTANT_CONVERSION = YES;
				CLANG_WARN_DEPRECATED_OBJC_IMPLEMENTATIONS = YES;
				CLANG_WARN_DIRECT_OBJC_ISA_USAGE = YES_ERROR;
				CLANG_WARN_DOCUMENTATION_COMMENTS = YES;
				CLANG_WARN_EMPTY_BODY = YES;
				CLANG_WARN_ENUM_CONVERSION = YES;
				CLANG_WARN_INFINITE_RECURSION = YES;
				CLANG_WARN_INT_CONVERSION = YES;
				CLANG_WARN_NON_LITERAL_NULL_CONVERSION = YES;
				CLANG_WARN_OBJC_IMPLICIT_RETAIN_SELF = YES;
				CLANG_WARN_OBJC_LITERAL_CONVERSION = YES;
				CLANG_WARN_OBJC_ROOT_CLASS = YES_ERROR;
				CLANG_WARN_QUOTED_INCLUDE_IN_FRAMEWORK_HEADER = YES;
				CLANG_WARN_RANGE_LOOP_ANALYSIS = YES;
				CLANG_WARN_STRICT_PROTOTYPES = YES;
				CLANG_WARN_SUSPICIOUS_MOVE = YES;
				CLANG_WARN_UNGUARDED_AVAILABILITY = YES_AGGRESSIVE;
				CLANG_WARN_UNREACHABLE_CODE = YES;
				CLANG_WARN__DUPLICATE_METHOD_MATCH = YES;
				COPY_PHASE_STRIP = NO;
				DEBUG_INFORMATION_FORMAT = dwarf;
				ENABLE_STRICT_OBJC_MSGSEND = YES;
				ENABLE_TESTABILITY = YES;
				GCC_C_LANGUAGE_STANDARD = gnu11;
				GCC_DYNAMIC_NO_PIC = NO;
				GCC_NO_COMMON_BLOCKS = YES;
				GCC_OPTIMIZATION_LEVEL = 0;
				GCC_PREPROCESSOR_DEFINITIONS = (
					"DEBUG=1",
					"$(inherited)",
				);
				GCC_WARN_64_TO_32_BIT_CONVERSION = YES;
				GCC_WARN_ABOUT_RETURN_TYPE = YES_ERROR;
				GCC_WARN_UNDECLARED_SELECTOR = YES;
				GCC_WARN_UNINITIALIZED_AUTOS = YES_AGGRESSIVE;
				GCC_WARN_UNUSED_FUNCTION = YES;
				GCC_WARN_UNUSED_VARIABLE = YES;
				IPHONEOS_DEPLOYMENT_TARGET = 14.1;
				MTL_ENABLE_DEBUG_INFO = INCLUDE_SOURCE;
				MTL_FAST_MATH = YES;
				ONLY_ACTIVE_ARCH = YES;
				SDKROOT = iphoneos;
				SWIFT_ACTIVE_COMPILATION_CONDITIONS = DEBUG;
				SWIFT_OBJC_BRIDGING_HEADER = "SQLite3-Bridging-Header.h";
				SWIFT_OPTIMIZATION_LEVEL = "-Onone";
			};
			name = Debug;
		};
		FFDDC117257B7F0F00162835 /* Release */ = {
			isa = XCBuildConfiguration;
			buildSettings = {
				ALWAYS_SEARCH_USER_PATHS = NO;
				CLANG_ANALYZER_NONNULL = YES;
				CLANG_ANALYZER_NUMBER_OBJECT_CONVERSION = YES_AGGRESSIVE;
				CLANG_CXX_LANGUAGE_STANDARD = "gnu++14";
				CLANG_CXX_LIBRARY = "libc++";
				CLANG_ENABLE_MODULES = YES;
				CLANG_ENABLE_OBJC_ARC = YES;
				CLANG_ENABLE_OBJC_WEAK = YES;
				CLANG_WARN_BLOCK_CAPTURE_AUTORELEASING = YES;
				CLANG_WARN_BOOL_CONVERSION = YES;
				CLANG_WARN_COMMA = YES;
				CLANG_WARN_CONSTANT_CONVERSION = YES;
				CLANG_WARN_DEPRECATED_OBJC_IMPLEMENTATIONS = YES;
				CLANG_WARN_DIRECT_OBJC_ISA_USAGE = YES_ERROR;
				CLANG_WARN_DOCUMENTATION_COMMENTS = YES;
				CLANG_WARN_EMPTY_BODY = YES;
				CLANG_WARN_ENUM_CONVERSION = YES;
				CLANG_WARN_INFINITE_RECURSION = YES;
				CLANG_WARN_INT_CONVERSION = YES;
				CLANG_WARN_NON_LITERAL_NULL_CONVERSION = YES;
				CLANG_WARN_OBJC_IMPLICIT_RETAIN_SELF = YES;
				CLANG_WARN_OBJC_LITERAL_CONVERSION = YES;
				CLANG_WARN_OBJC_ROOT_CLASS = YES_ERROR;
				CLANG_WARN_QUOTED_INCLUDE_IN_FRAMEWORK_HEADER = YES;
				CLANG_WARN_RANGE_LOOP_ANALYSIS = YES;
				CLANG_WARN_STRICT_PROTOTYPES = YES;
				CLANG_WARN_SUSPICIOUS_MOVE = YES;
				CLANG_WARN_UNGUARDED_AVAILABILITY = YES_AGGRESSIVE;
				CLANG_WARN_UNREACHABLE_CODE = YES;
				CLANG_WARN__DUPLICATE_METHOD_MATCH = YES;
				COPY_PHASE_STRIP = NO;
				DEBUG_INFORMATION_FORMAT = "dwarf-with-dsym";
				ENABLE_NS_ASSERTIONS = NO;
				ENABLE_STRICT_OBJC_MSGSEND = YES;
				GCC_C_LANGUAGE_STANDARD = gnu11;
				GCC_NO_COMMON_BLOCKS = YES;
				GCC_WARN_64_TO_32_BIT_CONVERSION = YES;
				GCC_WARN_ABOUT_RETURN_TYPE = YES_ERROR;
				GCC_WARN_UNDECLARED_SELECTOR = YES;
				GCC_WARN_UNINITIALIZED_AUTOS = YES_AGGRESSIVE;
				GCC_WARN_UNUSED_FUNCTION = YES;
				GCC_WARN_UNUSED_VARIABLE = YES;
				IPHONEOS_DEPLOYMENT_TARGET = 14.1;
				MTL_ENABLE_DEBUG_INFO = NO;
				MTL_FAST_MATH = YES;
				SDKROOT = iphoneos;
				SWIFT_COMPILATION_MODE = wholemodule;
				SWIFT_OBJC_BRIDGING_HEADER = "SQLite3-Bridging-Header.h";
				SWIFT_OPTIMIZATION_LEVEL = "-O";
				VALIDATE_PRODUCT = YES;
			};
			name = Release;
		};
		FFDDC119257B7F0F00162835 /* Debug */ = {
			isa = XCBuildConfiguration;
			buildSettings = {
				ASSETCATALOG_COMPILER_APPICON_NAME = AppIcon;
				ASSETCATALOG_COMPILER_GLOBAL_ACCENT_COLOR_NAME = AccentColor;
				CODE_SIGN_STYLE = Automatic;
				INFOPLIST_FILE = SQLite3/Info.plist;
				LD_RUNPATH_SEARCH_PATHS = (
					"$(inherited)",
					"@executable_path/Frameworks",
				);
				PRODUCT_BUNDLE_IDENTIFIER = selfProject.SQLite3;
				PRODUCT_NAME = "$(TARGET_NAME)";
				SWIFT_OBJC_BRIDGING_HEADER = "SQLite3/SQLite3-Bridging-Header.h";
				SWIFT_VERSION = 5.0;
				TARGETED_DEVICE_FAMILY = "1,2";
			};
			name = Debug;
		};
		FFDDC11A257B7F0F00162835 /* Release */ = {
			isa = XCBuildConfiguration;
			buildSettings = {
				ASSETCATALOG_COMPILER_APPICON_NAME = AppIcon;
				ASSETCATALOG_COMPILER_GLOBAL_ACCENT_COLOR_NAME = AccentColor;
				CODE_SIGN_STYLE = Automatic;
				INFOPLIST_FILE = SQLite3/Info.plist;
				LD_RUNPATH_SEARCH_PATHS = (
					"$(inherited)",
					"@executable_path/Frameworks",
				);
				PRODUCT_BUNDLE_IDENTIFIER = selfProject.SQLite3;
				PRODUCT_NAME = "$(TARGET_NAME)";
				SWIFT_OBJC_BRIDGING_HEADER = "SQLite3/SQLite3-Bridging-Header.h";
				SWIFT_VERSION = 5.0;
				TARGETED_DEVICE_FAMILY = "1,2";
			};
			name = Release;
		};
/* End XCBuildConfiguration section */

/* Begin XCConfigurationList section */
		FFDDC0FF257B7F0400162835 /* Build configuration list for PBXProject "SQLite3" */ = {
			isa = XCConfigurationList;
			buildConfigurations = (
				FFDDC116257B7F0F00162835 /* Debug */,
				FFDDC117257B7F0F00162835 /* Release */,
			);
			defaultConfigurationIsVisible = 0;
			defaultConfigurationName = Release;
		};
		FFDDC118257B7F0F00162835 /* Build configuration list for PBXNativeTarget "SQLite3" */ = {
			isa = XCConfigurationList;
			buildConfigurations = (
				FFDDC119257B7F0F00162835 /* Debug */,
				FFDDC11A257B7F0F00162835 /* Release */,
			);
			defaultConfigurationIsVisible = 0;
			defaultConfigurationName = Release;
		};
/* End XCConfigurationList section */
	};
	rootObject = FFDDC0FC257B7F0400162835 /* Project object */;
}
