// !$*UTF8*$!
{
	archiveVersion = 1;
	classes = {
	};
	objectVersion = 50;
	objects = {

/* Begin PBXBuildFile section */
		49420AD22535F5E10027E280 /* AppDelegate.swift in Sources */ = {isa = PBXBuildFile; fileRef = 49420AD12535F5E10027E280 /* AppDelegate.swift */; };
		49420AD42535F5E10027E280 /* SceneDelegate.swift in Sources */ = {isa = PBXBuildFile; fileRef = 49420AD32535F5E10027E280 /* SceneDelegate.swift */; };
		49420AD62535F5E10027E280 /* ViewController.swift in Sources */ = {isa = PBXBuildFile; fileRef = 49420AD52535F5E10027E280 /* ViewController.swift */; };
		49420AD92535F5E10027E280 /* Main.storyboard in Resources */ = {isa = PBXBuildFile; fileRef = 49420AD72535F5E10027E280 /* Main.storyboard */; };
		49420ADB2535F5E20027E280 /* Assets.xcassets in Resources */ = {isa = PBXBuildFile; fileRef = 49420ADA2535F5E20027E280 /* Assets.xcassets */; };
		49420ADE2535F5E20027E280 /* LaunchScreen.storyboard in Resources */ = {isa = PBXBuildFile; fileRef = 49420ADC2535F5E20027E280 /* LaunchScreen.storyboard */; };
		49420AE6253611A60027E280 /* LaunchScreen2.storyboard in Resources */ = {isa = PBXBuildFile; fileRef = 49420AE5253611A60027E280 /* LaunchScreen2.storyboard */; };
/* End PBXBuildFile section */

/* Begin PBXFileReference section */
		49420ACE2535F5E10027E280 /* helloWorld.app */ = {isa = PBXFileReference; explicitFileType = wrapper.application; includeInIndex = 0; path = helloWorld.app; sourceTree = BUILT_PRODUCTS_DIR; };
		49420AD12535F5E10027E280 /* AppDelegate.swift */ = {isa = PBXFileReference; lastKnownFileType = sourcecode.swift; path = AppDelegate.swift; sourceTree = "<group>"; };
		49420AD32535F5E10027E280 /* SceneDelegate.swift */ = {isa = PBXFileReference; lastKnownFileType = sourcecode.swift; path = SceneDelegate.swift; sourceTree = "<group>"; };
		49420AD52535F5E10027E280 /* ViewController.swift */ = {isa = PBXFileReference; lastKnownFileType = sourcecode.swift; path = ViewController.swift; sourceTree = "<group>"; };
		49420AD82535F5E10027E280 /* Base */ = {isa = PBXFileReference; lastKnownFileType = file.storyboard; name = Base; path = Base.lproj/Main.storyboard; sourceTree = "<group>"; };
		49420ADA2535F5E20027E280 /* Assets.xcassets */ = {isa = PBXFileReference; lastKnownFileType = folder.assetcatalog; path = Assets.xcassets; sourceTree = "<group>"; };
		49420ADD2535F5E20027E280 /* Base */ = {isa = PBXFileReference; lastKnownFileType = file.storyboard; name = Base; path = Base.lproj/LaunchScreen.storyboard; sourceTree = "<group>"; };
		49420ADF2535F5E20027E280 /* Info.plist */ = {isa = PBXFileReference; lastKnownFileType = text.plist.xml; path = Info.plist; sourceTree = "<group>"; };
		49420AE5253611A60027E280 /* LaunchScreen2.storyboard */ = {isa = PBXFileReference; lastKnownFileType = file.storyboard; path = LaunchScreen2.storyboard; sourceTree = "<group>"; };
/* End PBXFileReference section */

/* Begin PBXFrameworksBuildPhase section */
		49420ACB2535F5E10027E280 /* Frameworks */ = {
			isa = PBXFrameworksBuildPhase;
			buildActionMask = 2147483647;
			files = (
			);
			runOnlyForDeploymentPostprocessing = 0;
		};
/* End PBXFrameworksBuildPhase section */

/* Begin PBXGroup section */
		49420AC52535F5E10027E280 = {
			isa = PBXGroup;
			children = (
				49420AD02535F5E10027E280 /* helloWorld */,
				49420ACF2535F5E10027E280 /* Products */,
			);
			sourceTree = "<group>";
		};
		49420ACF2535F5E10027E280 /* Products */ = {
			isa = PBXGroup;
			children = (
				49420ACE2535F5E10027E280 /* helloWorld.app */,
			);
			name = Products;
			sourceTree = "<group>";
		};
		49420AD02535F5E10027E280 /* helloWorld */ = {
			isa = PBXGroup;
			children = (
				49420AD12535F5E10027E280 /* AppDelegate.swift */,
				49420AE5253611A60027E280 /* LaunchScreen2.storyboard */,
				49420AD32535F5E10027E280 /* SceneDelegate.swift */,
				49420AD52535F5E10027E280 /* ViewController.swift */,
				49420AD72535F5E10027E280 /* Main.storyboard */,
				49420ADA2535F5E20027E280 /* Assets.xcassets */,
				49420ADC2535F5E20027E280 /* LaunchScreen.storyboard */,
				49420ADF2535F5E20027E280 /* Info.plist */,
			);
			path = helloWorld;
			sourceTree = "<group>";
		};
/* End PBXGroup section */

/* Begin PBXNativeTarget section */
		49420ACD2535F5E10027E280 /* helloWorld */ = {
			isa = PBXNativeTarget;
			buildConfigurationList = 49420AE22535F5E20027E280 /* Build configuration list for PBXNativeTarget "helloWorld" */;
			buildPhases = (
				49420ACA2535F5E10027E280 /* Sources */,
				49420ACB2535F5E10027E280 /* Frameworks */,
				49420ACC2535F5E10027E280 /* Resources */,
			);
			buildRules = (
			);
			dependencies = (
			);
			name = helloWorld;
			productName = helloWorld;
			productReference = 49420ACE2535F5E10027E280 /* helloWorld.app */;
			productType = "com.apple.product-type.application";
		};
/* End PBXNativeTarget section */

/* Begin PBXProject section */
		49420AC62535F5E10027E280 /* Project object */ = {
			isa = PBXProject;
			attributes = {
				LastSwiftUpdateCheck = 1140;
				LastUpgradeCheck = 1140;
				ORGANIZATIONNAME = "조상호";
				TargetAttributes = {
					49420ACD2535F5E10027E280 = {
						CreatedOnToolsVersion = 11.4;
					};
				};
			};
			buildConfigurationList = 49420AC92535F5E10027E280 /* Build configuration list for PBXProject "helloWorld" */;
			compatibilityVersion = "Xcode 9.3";
			developmentRegion = en;
			hasScannedForEncodings = 0;
			knownRegions = (
				en,
				Base,
			);
			mainGroup = 49420AC52535F5E10027E280;
			productRefGroup = 49420ACF2535F5E10027E280 /* Products */;
			projectDirPath = "";
			projectRoot = "";
			targets = (
				49420ACD2535F5E10027E280 /* helloWorld */,
			);
		};
/* End PBXProject section */

/* Begin PBXResourcesBuildPhase section */
		49420ACC2535F5E10027E280 /* Resources */ = {
			isa = PBXResourcesBuildPhase;
			buildActionMask = 2147483647;
			files = (
				49420AE6253611A60027E280 /* LaunchScreen2.storyboard in Resources */,
				49420ADE2535F5E20027E280 /* LaunchScreen.storyboard in Resources */,
				49420ADB2535F5E20027E280 /* Assets.xcassets in Resources */,
				49420AD92535F5E10027E280 /* Main.storyboard in Resources */,
			);
			runOnlyForDeploymentPostprocessing = 0;
		};
/* End PBXResourcesBuildPhase section */

/* Begin PBXSourcesBuildPhase section */
		49420ACA2535F5E10027E280 /* Sources */ = {
			isa = PBXSourcesBuildPhase;
			buildActionMask = 2147483647;
			files = (
				49420AD62535F5E10027E280 /* ViewController.swift in Sources */,
				49420AD22535F5E10027E280 /* AppDelegate.swift in Sources */,
				49420AD42535F5E10027E280 /* SceneDelegate.swift in Sources */,
			);
			runOnlyForDeploymentPostprocessing = 0;
		};
/* End PBXSourcesBuildPhase section */

/* Begin PBXVariantGroup section */
		49420AD72535F5E10027E280 /* Main.storyboard */ = {
			isa = PBXVariantGroup;
			children = (
				49420AD82535F5E10027E280 /* Base */,
			);
			name = Main.storyboard;
			sourceTree = "<group>";
		};
		49420ADC2535F5E20027E280 /* LaunchScreen.storyboard */ = {
			isa = PBXVariantGroup;
			children = (
				49420ADD2535F5E20027E280 /* Base */,
			);
			name = LaunchScreen.storyboard;
			sourceTree = "<group>";
		};
/* End PBXVariantGroup section */

/* Begin XCBuildConfiguration section */
		49420AE02535F5E20027E280 /* Debug */ = {
			isa = XCBuildConfiguration;
			buildSettings = {
				ALWAYS_SEARCH_USER_PATHS = NO;
				CLANG_ANALYZER_NONNULL = YES;
				CLANG_ANALYZER_NUMBER_OBJECT_CONVERSION = YES_AGGRESSIVE;
				CLANG_CXX_LANGUAGE_STANDARD = "gnu++14";
				CLANG_CXX_LIBRARY = "libc++";
				CLANG_ENABLE_MODULES = YES;
				CLANG_ENABLE_OBJC_ARC = YES;
				CLANG_ENABLE_OBJC_WEAK = YES;
				CLANG_WARN_BLOCK_CAPTURE_AUTORELEASING = YES;
				CLANG_WARN_BOOL_CONVERSION = YES;
				CLANG_WARN_COMMA = YES;
				CLANG_WARN_CONSTANT_CONVERSION = YES;
				CLANG_WARN_DEPRECATED_OBJC_IMPLEMENTATIONS = YES;
				CLANG_WARN_DIRECT_OBJC_ISA_USAGE = YES_ERROR;
				CLANG_WARN_DOCUMENTATION_COMMENTS = YES;
				CLANG_WARN_EMPTY_BODY = YES;
				CLANG_WARN_ENUM_CONVERSION = YES;
				CLANG_WARN_INFINITE_RECURSION = YES;
				CLANG_WARN_INT_CONVERSION = YES;
				CLANG_WARN_NON_LITERAL_NULL_CONVERSION = YES;
				CLANG_WARN_OBJC_IMPLICIT_RETAIN_SELF = YES;
				CLANG_WARN_OBJC_LITERAL_CONVERSION = YES;
				CLANG_WARN_OBJC_ROOT_CLASS = YES_ERROR;
				CLANG_WARN_RANGE_LOOP_ANALYSIS = YES;
				CLANG_WARN_STRICT_PROTOTYPES = YES;
				CLANG_WARN_SUSPICIOUS_MOVE = YES;
				CLANG_WARN_UNGUARDED_AVAILABILITY = YES_AGGRESSIVE;
				CLANG_WARN_UNREACHABLE_CODE = YES;
				CLANG_WARN__DUPLICATE_METHOD_MATCH = YES;
				COPY_PHASE_STRIP = NO;
				DEBUG_INFORMATION_FORMAT = dwarf;
				ENABLE_STRICT_OBJC_MSGSEND = YES;
				ENABLE_TESTABILITY = YES;
				GCC_C_LANGUAGE_STANDARD = gnu11;
				GCC_DYNAMIC_NO_PIC = NO;
				GCC_NO_COMMON_BLOCKS = YES;
				GCC_OPTIMIZATION_LEVEL = 0;
				GCC_PREPROCESSOR_DEFINITIONS = (
					"DEBUG=1",
					"$(inherited)",
				);
				GCC_WARN_64_TO_32_BIT_CONVERSION = YES;
				GCC_WARN_ABOUT_RETURN_TYPE = YES_ERROR;
				GCC_WARN_UNDECLARED_SELECTOR = YES;
				GCC_WARN_UNINITIALIZED_AUTOS = YES_AGGRESSIVE;
				GCC_WARN_UNUSED_FUNCTION = YES;
				GCC_WARN_UNUSED_VARIABLE = YES;
				IPHONEOS_DEPLOYMENT_TARGET = 13.4;
				MTL_ENABLE_DEBUG_INFO = INCLUDE_SOURCE;
				MTL_FAST_MATH = YES;
				ONLY_ACTIVE_ARCH = YES;
				SDKROOT = iphoneos;
				SWIFT_ACTIVE_COMPILATION_CONDITIONS = DEBUG;
				SWIFT_OPTIMIZATION_LEVEL = "-Onone";
			};
			name = Debug;
		};
		49420AE12535F5E20027E280 /* Release */ = {
			isa = XCBuildConfiguration;
			buildSettings = {
				ALWAYS_SEARCH_USER_PATHS = NO;
				CLANG_ANALYZER_NONNULL = YES;
				CLANG_ANALYZER_NUMBER_OBJECT_CONVERSION = YES_AGGRESSIVE;
				CLANG_CXX_LANGUAGE_STANDARD = "gnu++14";
				CLANG_CXX_LIBRARY = "libc++";
				CLANG_ENABLE_MODULES = YES;
				CLANG_ENABLE_OBJC_ARC = YES;
				CLANG_ENABLE_OBJC_WEAK = YES;
				CLANG_WARN_BLOCK_CAPTURE_AUTORELEASING = YES;
				CLANG_WARN_BOOL_CONVERSION = YES;
				CLANG_WARN_COMMA = YES;
				CLANG_WARN_CONSTANT_CONVERSION = YES;
				CLANG_WARN_DEPRECATED_OBJC_IMPLEMENTATIONS = YES;
				CLANG_WARN_DIRECT_OBJC_ISA_USAGE = YES_ERROR;
				CLANG_WARN_DOCUMENTATION_COMMENTS = YES;
				CLANG_WARN_EMPTY_BODY = YES;
				CLANG_WARN_ENUM_CONVERSION = YES;
				CLANG_WARN_INFINITE_RECURSION = YES;
				CLANG_WARN_INT_CONVERSION = YES;
				CLANG_WARN_NON_LITERAL_NULL_CONVERSION = YES;
				CLANG_WARN_OBJC_IMPLICIT_RETAIN_SELF = YES;
				CLANG_WARN_OBJC_LITERAL_CONVERSION = YES;
				CLANG_WARN_OBJC_ROOT_CLASS = YES_ERROR;
				CLANG_WARN_RANGE_LOOP_ANALYSIS = YES;
				CLANG_WARN_STRICT_PROTOTYPES = YES;
				CLANG_WARN_SUSPICIOUS_MOVE = YES;
				CLANG_WARN_UNGUARDED_AVAILABILITY = YES_AGGRESSIVE;
				CLANG_WARN_UNREACHABLE_CODE = YES;
				CLANG_WARN__DUPLICATE_METHOD_MATCH = YES;
				COPY_PHASE_STRIP = NO;
				DEBUG_INFORMATION_FORMAT = "dwarf-with-dsym";
				ENABLE_NS_ASSERTIONS = NO;
				ENABLE_STRICT_OBJC_MSGSEND = YES;
				GCC_C_LANGUAGE_STANDARD = gnu11;
				GCC_NO_COMMON_BLOCKS = YES;
				GCC_WARN_64_TO_32_BIT_CONVERSION = YES;
				GCC_WARN_ABOUT_RETURN_TYPE = YES_ERROR;
				GCC_WARN_UNDECLARED_SELECTOR = YES;
				GCC_WARN_UNINITIALIZED_AUTOS = YES_AGGRESSIVE;
				GCC_WARN_UNUSED_FUNCTION = YES;
				GCC_WARN_UNUSED_VARIABLE = YES;
				IPHONEOS_DEPLOYMENT_TARGET = 13.4;
				MTL_ENABLE_DEBUG_INFO = NO;
				MTL_FAST_MATH = YES;
				SDKROOT = iphoneos;
				SWIFT_COMPILATION_MODE = wholemodule;
				SWIFT_OPTIMIZATION_LEVEL = "-O";
				VALIDATE_PRODUCT = YES;
			};
			name = Release;
		};
		49420AE32535F5E20027E280 /* Debug */ = {
			isa = XCBuildConfiguration;
			buildSettings = {
				ASSETCATALOG_COMPILER_APPICON_NAME = AppIcon;
				CODE_SIGN_STYLE = Automatic;
				INFOPLIST_FILE = helloWorld/Info.plist;
				IPHONEOS_DEPLOYMENT_TARGET = 13.4;
				LD_RUNPATH_SEARCH_PATHS = (
					"$(inherited)",
					"@executable_path/Frameworks",
				);
				PRODUCT_BUNDLE_IDENTIFIER = com.banksalad.helloWorld;
				PRODUCT_NAME = "$(TARGET_NAME)";
				SWIFT_VERSION = 5.0;
				TARGETED_DEVICE_FAMILY = 1;
			};
			name = Debug;
		};
		49420AE42535F5E20027E280 /* Release */ = {
			isa = XCBuildConfiguration;
			buildSettings = {
				ASSETCATALOG_COMPILER_APPICON_NAME = AppIcon;
				CODE_SIGN_STYLE = Automatic;
				INFOPLIST_FILE = helloWorld/Info.plist;
				IPHONEOS_DEPLOYMENT_TARGET = 13.4;
				LD_RUNPATH_SEARCH_PATHS = (
					"$(inherited)",
					"@executable_path/Frameworks",
				);
				PRODUCT_BUNDLE_IDENTIFIER = com.banksalad.helloWorld;
				PRODUCT_NAME = "$(TARGET_NAME)";
				SWIFT_VERSION = 5.0;
				TARGETED_DEVICE_FAMILY = 1;
			};
			name = Release;
		};
/* End XCBuildConfiguration section */

/* Begin XCConfigurationList section */
		49420AC92535F5E10027E280 /* Build configuration list for PBXProject "helloWorld" */ = {
			isa = XCConfigurationList;
			buildConfigurations = (
				49420AE02535F5E20027E280 /* Debug */,
				49420AE12535F5E20027E280 /* Release */,
			);
			defaultConfigurationIsVisible = 0;
			defaultConfigurationName = Release;
		};
		49420AE22535F5E20027E280 /* Build configuration list for PBXNativeTarget "helloWorld" */ = {
			isa = XCConfigurationList;
			buildConfigurations = (
				49420AE32535F5E20027E280 /* Debug */,
				49420AE42535F5E20027E280 /* Release */,
			);
			defaultConfigurationIsVisible = 0;
			defaultConfigurationName = Release;
		};
/* End XCConfigurationList section */
	};
	rootObject = 49420AC62535F5E10027E280 /* Project object */;
}
