// !$*UTF8*$!
{
	archiveVersion = 1;
	classes = {
	};
	objectVersion = 50;
	objects = {

/* Begin PBXBuildFile section */
		FF6CDB8C2598BB2800B7F556 /* AppDelegate.swift in Sources */ = {isa = PBXBuildFile; fileRef = FF6CDB8B2598BB2800B7F556 /* AppDelegate.swift */; };
		FF6CDB8E2598BB2800B7F556 /* SceneDelegate.swift in Sources */ = {isa = PBXBuildFile; fileRef = FF6CDB8D2598BB2800B7F556 /* SceneDelegate.swift */; };
		FF6CDB902598BB2800B7F556 /* ViewController.swift in Sources */ = {isa = PBXBuildFile; fileRef = FF6CDB8F2598BB2800B7F556 /* ViewController.swift */; };
		FF6CDB932598BB2800B7F556 /* Main.storyboard in Resources */ = {isa = PBXBuildFile; fileRef = FF6CDB912598BB2800B7F556 /* Main.storyboard */; };
		FF6CDB962598BB2800B7F556 /* MemoUseCoreDate.xcdatamodeld in Sources */ = {isa = PBXBuildFile; fileRef = FF6CDB942598BB2800B7F556 /* MemoUseCoreDate.xcdatamodeld */; };
		FF6CDB982598BB2B00B7F556 /* Assets.xcassets in Resources */ = {isa = PBXBuildFile; fileRef = FF6CDB972598BB2B00B7F556 /* Assets.xcassets */; };
		FF6CDB9B2598BB2B00B7F556 /* LaunchScreen.storyboard in Resources */ = {isa = PBXBuildFile; fileRef = FF6CDB992598BB2B00B7F556 /* LaunchScreen.storyboard */; };
		FF6CDBA42598BC9E00B7F556 /* ListVC.swift in Sources */ = {isa = PBXBuildFile; fileRef = FF6CDBA32598BC9E00B7F556 /* ListVC.swift */; };
		FF6CDBA72598DCCA00B7F556 /* LogVC.swift in Sources */ = {isa = PBXBuildFile; fileRef = FF6CDBA62598DCCA00B7F556 /* LogVC.swift */; };
/* End PBXBuildFile section */

/* Begin PBXFileReference section */
		FF6CDB882598BB2800B7F556 /* MemoUseCoreDate.app */ = {isa = PBXFileReference; explicitFileType = wrapper.application; includeInIndex = 0; path = MemoUseCoreDate.app; sourceTree = BUILT_PRODUCTS_DIR; };
		FF6CDB8B2598BB2800B7F556 /* AppDelegate.swift */ = {isa = PBXFileReference; lastKnownFileType = sourcecode.swift; path = AppDelegate.swift; sourceTree = "<group>"; };
		FF6CDB8D2598BB2800B7F556 /* SceneDelegate.swift */ = {isa = PBXFileReference; lastKnownFileType = sourcecode.swift; path = SceneDelegate.swift; sourceTree = "<group>"; };
		FF6CDB8F2598BB2800B7F556 /* ViewController.swift */ = {isa = PBXFileReference; lastKnownFileType = sourcecode.swift; path = ViewController.swift; sourceTree = "<group>"; };
		FF6CDB922598BB2800B7F556 /* Base */ = {isa = PBXFileReference; lastKnownFileType = file.storyboard; name = Base; path = Base.lproj/Main.storyboard; sourceTree = "<group>"; };
		FF6CDB952598BB2800B7F556 /* MemoUseCoreDate.xcdatamodel */ = {isa = PBXFileReference; lastKnownFileType = wrapper.xcdatamodel; path = MemoUseCoreDate.xcdatamodel; sourceTree = "<group>"; };
		FF6CDB972598BB2B00B7F556 /* Assets.xcassets */ = {isa = PBXFileReference; lastKnownFileType = folder.assetcatalog; path = Assets.xcassets; sourceTree = "<group>"; };
		FF6CDB9A2598BB2B00B7F556 /* Base */ = {isa = PBXFileReference; lastKnownFileType = file.storyboard; name = Base; path = Base.lproj/LaunchScreen.storyboard; sourceTree = "<group>"; };
		FF6CDB9C2598BB2B00B7F556 /* Info.plist */ = {isa = PBXFileReference; lastKnownFileType = text.plist.xml; path = Info.plist; sourceTree = "<group>"; };
		FF6CDBA32598BC9E00B7F556 /* ListVC.swift */ = {isa = PBXFileReference; lastKnownFileType = sourcecode.swift; path = ListVC.swift; sourceTree = "<group>"; };
		FF6CDBA62598DCCA00B7F556 /* LogVC.swift */ = {isa = PBXFileReference; lastKnownFileType = sourcecode.swift; path = LogVC.swift; sourceTree = "<group>"; };
/* End PBXFileReference section */

/* Begin PBXFrameworksBuildPhase section */
		FF6CDB852598BB2800B7F556 /* Frameworks */ = {
			isa = PBXFrameworksBuildPhase;
			buildActionMask = 2147483647;
			files = (
			);
			runOnlyForDeploymentPostprocessing = 0;
		};
/* End PBXFrameworksBuildPhase section */

/* Begin PBXGroup section */
		FF6CDB7F2598BB2800B7F556 = {
			isa = PBXGroup;
			children = (
				FF6CDB8A2598BB2800B7F556 /* MemoUseCoreDate */,
				FF6CDB892598BB2800B7F556 /* Products */,
			);
			sourceTree = "<group>";
		};
		FF6CDB892598BB2800B7F556 /* Products */ = {
			isa = PBXGroup;
			children = (
				FF6CDB882598BB2800B7F556 /* MemoUseCoreDate.app */,
			);
			name = Products;
			sourceTree = "<group>";
		};
		FF6CDB8A2598BB2800B7F556 /* MemoUseCoreDate */ = {
			isa = PBXGroup;
			children = (
				FF6CDB8B2598BB2800B7F556 /* AppDelegate.swift */,
				FF6CDB8D2598BB2800B7F556 /* SceneDelegate.swift */,
				FF6CDBA32598BC9E00B7F556 /* ListVC.swift */,
				FF6CDBA62598DCCA00B7F556 /* LogVC.swift */,
				FF6CDB8F2598BB2800B7F556 /* ViewController.swift */,
				FF6CDB912598BB2800B7F556 /* Main.storyboard */,
				FF6CDB972598BB2B00B7F556 /* Assets.xcassets */,
				FF6CDB992598BB2B00B7F556 /* LaunchScreen.storyboard */,
				FF6CDB9C2598BB2B00B7F556 /* Info.plist */,
				FF6CDB942598BB2800B7F556 /* MemoUseCoreDate.xcdatamodeld */,
			);
			path = MemoUseCoreDate;
			sourceTree = "<group>";
		};
/* End PBXGroup section */

/* Begin PBXNativeTarget section */
		FF6CDB872598BB2800B7F556 /* MemoUseCoreDate */ = {
			isa = PBXNativeTarget;
			buildConfigurationList = FF6CDB9F2598BB2B00B7F556 /* Build configuration list for PBXNativeTarget "MemoUseCoreDate" */;
			buildPhases = (
				FF6CDB842598BB2800B7F556 /* Sources */,
				FF6CDB852598BB2800B7F556 /* Frameworks */,
				FF6CDB862598BB2800B7F556 /* Resources */,
			);
			buildRules = (
			);
			dependencies = (
			);
			name = MemoUseCoreDate;
			productName = MemoUseCoreDate;
			productReference = FF6CDB882598BB2800B7F556 /* MemoUseCoreDate.app */;
			productType = "com.apple.product-type.application";
		};
/* End PBXNativeTarget section */

/* Begin PBXProject section */
		FF6CDB802598BB2800B7F556 /* Project object */ = {
			isa = PBXProject;
			attributes = {
				LastSwiftUpdateCheck = 1210;
				LastUpgradeCheck = 1210;
				TargetAttributes = {
					FF6CDB872598BB2800B7F556 = {
						CreatedOnToolsVersion = 12.1;
					};
				};
			};
			buildConfigurationList = FF6CDB832598BB2800B7F556 /* Build configuration list for PBXProject "MemoUseCoreDate" */;
			compatibilityVersion = "Xcode 9.3";
			developmentRegion = en;
			hasScannedForEncodings = 0;
			knownRegions = (
				en,
				Base,
			);
			mainGroup = FF6CDB7F2598BB2800B7F556;
			productRefGroup = FF6CDB892598BB2800B7F556 /* Products */;
			projectDirPath = "";
			projectRoot = "";
			targets = (
				FF6CDB872598BB2800B7F556 /* MemoUseCoreDate */,
			);
		};
/* End PBXProject section */

/* Begin PBXResourcesBuildPhase section */
		FF6CDB862598BB2800B7F556 /* Resources */ = {
			isa = PBXResourcesBuildPhase;
			buildActionMask = 2147483647;
			files = (
				FF6CDB9B2598BB2B00B7F556 /* LaunchScreen.storyboard in Resources */,
				FF6CDB982598BB2B00B7F556 /* Assets.xcassets in Resources */,
				FF6CDB932598BB2800B7F556 /* Main.storyboard in Resources */,
			);
			runOnlyForDeploymentPostprocessing = 0;
		};
/* End PBXResourcesBuildPhase section */

/* Begin PBXSourcesBuildPhase section */
		FF6CDB842598BB2800B7F556 /* Sources */ = {
			isa = PBXSourcesBuildPhase;
			buildActionMask = 2147483647;
			files = (
				FF6CDB902598BB2800B7F556 /* ViewController.swift in Sources */,
				FF6CDBA72598DCCA00B7F556 /* LogVC.swift in Sources */,
				FF6CDBA42598BC9E00B7F556 /* ListVC.swift in Sources */,
				FF6CDB8C2598BB2800B7F556 /* AppDelegate.swift in Sources */,
				FF6CDB962598BB2800B7F556 /* MemoUseCoreDate.xcdatamodeld in Sources */,
				FF6CDB8E2598BB2800B7F556 /* SceneDelegate.swift in Sources */,
			);
			runOnlyForDeploymentPostprocessing = 0;
		};
/* End PBXSourcesBuildPhase section */

/* Begin PBXVariantGroup section */
		FF6CDB912598BB2800B7F556 /* Main.storyboard */ = {
			isa = PBXVariantGroup;
			children = (
				FF6CDB922598BB2800B7F556 /* Base */,
			);
			name = Main.storyboard;
			sourceTree = "<group>";
		};
		FF6CDB992598BB2B00B7F556 /* LaunchScreen.storyboard */ = {
			isa = PBXVariantGroup;
			children = (
				FF6CDB9A2598BB2B00B7F556 /* Base */,
			);
			name = LaunchScreen.storyboard;
			sourceTree = "<group>";
		};
/* End PBXVariantGroup section */

/* Begin XCBuildConfiguration section */
		FF6CDB9D2598BB2B00B7F556 /* Debug */ = {
			isa = XCBuildConfiguration;
			buildSettings = {
				ALWAYS_SEARCH_USER_PATHS = NO;
				CLANG_ANALYZER_NONNULL = YES;
				CLANG_ANALYZER_NUMBER_OBJECT_CONVERSION = YES_AGGRESSIVE;
				CLANG_CXX_LANGUAGE_STANDARD = "gnu++14";
				CLANG_CXX_LIBRARY = "libc++";
				CLANG_ENABLE_MODULES = YES;
				CLANG_ENABLE_OBJC_ARC = YES;
				CLANG_ENABLE_OBJC_WEAK = YES;
				CLANG_WARN_BLOCK_CAPTURE_AUTORELEASING = YES;
				CLANG_WARN_BOOL_CONVERSION = YES;
				CLANG_WARN_COMMA = YES;
				CLANG_WARN_CONSTANT_CONVERSION = YES;
				CLANG_WARN_DEPRECATED_OBJC_IMPLEMENTATIONS = YES;
				CLANG_WARN_DIRECT_OBJC_ISA_USAGE = YES_ERROR;
				CLANG_WARN_DOCUMENTATION_COMMENTS = YES;
				CLANG_WARN_EMPTY_BODY = YES;
				CLANG_WARN_ENUM_CONVERSION = YES;
				CLANG_WARN_INFINITE_RECURSION = YES;
				CLANG_WARN_INT_CONVERSION = YES;
				CLANG_WARN_NON_LITERAL_NULL_CONVERSION = YES;
				CLANG_WARN_OBJC_IMPLICIT_RETAIN_SELF = YES;
				CLANG_WARN_OBJC_LITERAL_CONVERSION = YES;
				CLANG_WARN_OBJC_ROOT_CLASS = YES_ERROR;
				CLANG_WARN_QUOTED_INCLUDE_IN_FRAMEWORK_HEADER = YES;
				CLANG_WARN_RANGE_LOOP_ANALYSIS = YES;
				CLANG_WARN_STRICT_PROTOTYPES = YES;
				CLANG_WARN_SUSPICIOUS_MOVE = YES;
				CLANG_WARN_UNGUARDED_AVAILABILITY = YES_AGGRESSIVE;
				CLANG_WARN_UNREACHABLE_CODE = YES;
				CLANG_WARN__DUPLICATE_METHOD_MATCH = YES;
				COPY_PHASE_STRIP = NO;
				DEBUG_INFORMATION_FORMAT = dwarf;
				ENABLE_STRICT_OBJC_MSGSEND = YES;
				ENABLE_TESTABILITY = YES;
				GCC_C_LANGUAGE_STANDARD = gnu11;
				GCC_DYNAMIC_NO_PIC = NO;
				GCC_NO_COMMON_BLOCKS = YES;
				GCC_OPTIMIZATION_LEVEL = 0;
				GCC_PREPROCESSOR_DEFINITIONS = (
					"DEBUG=1",
					"$(inherited)",
				);
				GCC_WARN_64_TO_32_BIT_CONVERSION = YES;
				GCC_WARN_ABOUT_RETURN_TYPE = YES_ERROR;
				GCC_WARN_UNDECLARED_SELECTOR = YES;
				GCC_WARN_UNINITIALIZED_AUTOS = YES_AGGRESSIVE;
				GCC_WARN_UNUSED_FUNCTION = YES;
				GCC_WARN_UNUSED_VARIABLE = YES;
				IPHONEOS_DEPLOYMENT_TARGET = 14.1;
				MTL_ENABLE_DEBUG_INFO = INCLUDE_SOURCE;
				MTL_FAST_MATH = YES;
				ONLY_ACTIVE_ARCH = YES;
				SDKROOT = iphoneos;
				SWIFT_ACTIVE_COMPILATION_CONDITIONS = DEBUG;
				SWIFT_OPTIMIZATION_LEVEL = "-Onone";
			};
			name = Debug;
		};
		FF6CDB9E2598BB2B00B7F556 /* Release */ = {
			isa = XCBuildConfiguration;
			buildSettings = {
				ALWAYS_SEARCH_USER_PATHS = NO;
				CLANG_ANALYZER_NONNULL = YES;
				CLANG_ANALYZER_NUMBER_OBJECT_CONVERSION = YES_AGGRESSIVE;
				CLANG_CXX_LANGUAGE_STANDARD = "gnu++14";
				CLANG_CXX_LIBRARY = "libc++";
				CLANG_ENABLE_MODULES = YES;
				CLANG_ENABLE_OBJC_ARC = YES;
				CLANG_ENABLE_OBJC_WEAK = YES;
				CLANG_WARN_BLOCK_CAPTURE_AUTORELEASING = YES;
				CLANG_WARN_BOOL_CONVERSION = YES;
				CLANG_WARN_COMMA = YES;
				CLANG_WARN_CONSTANT_CONVERSION = YES;
				CLANG_WARN_DEPRECATED_OBJC_IMPLEMENTATIONS = YES;
				CLANG_WARN_DIRECT_OBJC_ISA_USAGE = YES_ERROR;
				CLANG_WARN_DOCUMENTATION_COMMENTS = YES;
				CLANG_WARN_EMPTY_BODY = YES;
				CLANG_WARN_ENUM_CONVERSION = YES;
				CLANG_WARN_INFINITE_RECURSION = YES;
				CLANG_WARN_INT_CONVERSION = YES;
				CLANG_WARN_NON_LITERAL_NULL_CONVERSION = YES;
				CLANG_WARN_OBJC_IMPLICIT_RETAIN_SELF = YES;
				CLANG_WARN_OBJC_LITERAL_CONVERSION = YES;
				CLANG_WARN_OBJC_ROOT_CLASS = YES_ERROR;
				CLANG_WARN_QUOTED_INCLUDE_IN_FRAMEWORK_HEADER = YES;
				CLANG_WARN_RANGE_LOOP_ANALYSIS = YES;
				CLANG_WARN_STRICT_PROTOTYPES = YES;
				CLANG_WARN_SUSPICIOUS_MOVE = YES;
				CLANG_WARN_UNGUARDED_AVAILABILITY = YES_AGGRESSIVE;
				CLANG_WARN_UNREACHABLE_CODE = YES;
				CLANG_WARN__DUPLICATE_METHOD_MATCH = YES;
				COPY_PHASE_STRIP = NO;
				DEBUG_INFORMATION_FORMAT = "dwarf-with-dsym";
				ENABLE_NS_ASSERTIONS = NO;
				ENABLE_STRICT_OBJC_MSGSEND = YES;
				GCC_C_LANGUAGE_STANDARD = gnu11;
				GCC_NO_COMMON_BLOCKS = YES;
				GCC_WARN_64_TO_32_BIT_CONVERSION = YES;
				GCC_WARN_ABOUT_RETURN_TYPE = YES_ERROR;
				GCC_WARN_UNDECLARED_SELECTOR = YES;
				GCC_WARN_UNINITIALIZED_AUTOS = YES_AGGRESSIVE;
				GCC_WARN_UNUSED_FUNCTION = YES;
				GCC_WARN_UNUSED_VARIABLE = YES;
				IPHONEOS_DEPLOYMENT_TARGET = 14.1;
				MTL_ENABLE_DEBUG_INFO = NO;
				MTL_FAST_MATH = YES;
				SDKROOT = iphoneos;
				SWIFT_COMPILATION_MODE = wholemodule;
				SWIFT_OPTIMIZATION_LEVEL = "-O";
				VALIDATE_PRODUCT = YES;
			};
			name = Release;
		};
		FF6CDBA02598BB2B00B7F556 /* Debug */ = {
			isa = XCBuildConfiguration;
			buildSettings = {
				ASSETCATALOG_COMPILER_APPICON_NAME = AppIcon;
				ASSETCATALOG_COMPILER_GLOBAL_ACCENT_COLOR_NAME = AccentColor;
				CODE_SIGN_STYLE = Automatic;
				INFOPLIST_FILE = MemoUseCoreDate/Info.plist;
				LD_RUNPATH_SEARCH_PATHS = (
					"$(inherited)",
					"@executable_path/Frameworks",
				);
				PRODUCT_BUNDLE_IDENTIFIER = selfProject.MemoUseCoreDate;
				PRODUCT_NAME = "$(TARGET_NAME)";
				SWIFT_VERSION = 5.0;
				TARGETED_DEVICE_FAMILY = "1,2";
			};
			name = Debug;
		};
		FF6CDBA12598BB2B00B7F556 /* Release */ = {
			isa = XCBuildConfiguration;
			buildSettings = {
				ASSETCATALOG_COMPILER_APPICON_NAME = AppIcon;
				ASSETCATALOG_COMPILER_GLOBAL_ACCENT_COLOR_NAME = AccentColor;
				CODE_SIGN_STYLE = Automatic;
				INFOPLIST_FILE = MemoUseCoreDate/Info.plist;
				LD_RUNPATH_SEARCH_PATHS = (
					"$(inherited)",
					"@executable_path/Frameworks",
				);
				PRODUCT_BUNDLE_IDENTIFIER = selfProject.MemoUseCoreDate;
				PRODUCT_NAME = "$(TARGET_NAME)";
				SWIFT_VERSION = 5.0;
				TARGETED_DEVICE_FAMILY = "1,2";
			};
			name = Release;
		};
/* End XCBuildConfiguration section */

/* Begin XCConfigurationList section */
		FF6CDB832598BB2800B7F556 /* Build configuration list for PBXProject "MemoUseCoreDate" */ = {
			isa = XCConfigurationList;
			buildConfigurations = (
				FF6CDB9D2598BB2B00B7F556 /* Debug */,
				FF6CDB9E2598BB2B00B7F556 /* Release */,
			);
			defaultConfigurationIsVisible = 0;
			defaultConfigurationName = Release;
		};
		FF6CDB9F2598BB2B00B7F556 /* Build configuration list for PBXNativeTarget "MemoUseCoreDate" */ = {
			isa = XCConfigurationList;
			buildConfigurations = (
				FF6CDBA02598BB2B00B7F556 /* Debug */,
				FF6CDBA12598BB2B00B7F556 /* Release */,
			);
			defaultConfigurationIsVisible = 0;
			defaultConfigurationName = Release;
		};
/* End XCConfigurationList section */

/* Begin XCVersionGroup section */
		FF6CDB942598BB2800B7F556 /* MemoUseCoreDate.xcdatamodeld */ = {
			isa = XCVersionGroup;
			children = (
				FF6CDB952598BB2800B7F556 /* MemoUseCoreDate.xcdatamodel */,
			);
			currentVersion = FF6CDB952598BB2800B7F556 /* MemoUseCoreDate.xcdatamodel */;
			path = MemoUseCoreDate.xcdatamodeld;
			sourceTree = "<group>";
			versionGroupType = wrapper.xcdatamodel;
		};
/* End XCVersionGroup section */
	};
	rootObject = FF6CDB802598BB2800B7F556 /* Project object */;
}
