// !$*UTF8*$!
{
	archiveVersion = 1;
	classes = {
	};
	objectVersion = 51;
	objects = {

/* Begin PBXBuildFile section */
		0F42293A6C19BECA5530C972 /* Pods_userdefault_review.framework in Frameworks */ = {isa = PBXBuildFile; fileRef = B97F73CD954AB6C56982C829 /* Pods_userdefault_review.framework */; };
		FF6CDA45259066A300B7F556 /* AppDelegate.swift in Sources */ = {isa = PBXBuildFile; fileRef = FF6CDA44259066A300B7F556 /* AppDelegate.swift */; };
		FF6CDA47259066A300B7F556 /* SceneDelegate.swift in Sources */ = {isa = PBXBuildFile; fileRef = FF6CDA46259066A300B7F556 /* SceneDelegate.swift */; };
		FF6CDA49259066A300B7F556 /* ViewController.swift in Sources */ = {isa = PBXBuildFile; fileRef = FF6CDA48259066A300B7F556 /* ViewController.swift */; };
		FF6CDA4C259066A300B7F556 /* Main.storyboard in Resources */ = {isa = PBXBuildFile; fileRef = FF6CDA4A259066A300B7F556 /* Main.storyboard */; };
		FF6CDA4E259066A500B7F556 /* Assets.xcassets in Resources */ = {isa = PBXBuildFile; fileRef = FF6CDA4D259066A500B7F556 /* Assets.xcassets */; };
		FF6CDA51259066A500B7F556 /* LaunchScreen.storyboard in Resources */ = {isa = PBXBuildFile; fileRef = FF6CDA4F259066A500B7F556 /* LaunchScreen.storyboard */; };
		FF6CDA5A25906AFB00B7F556 /* CustomCell.swift in Sources */ = {isa = PBXBuildFile; fileRef = FF6CDA5925906AFB00B7F556 /* CustomCell.swift */; };
		FF6CDA612591E16400B7F556 /* UserInfo.plist in Resources */ = {isa = PBXBuildFile; fileRef = FF6CDA602591E16300B7F556 /* UserInfo.plist */; };
/* End PBXBuildFile section */

/* Begin PBXFileReference section */
		B97F73CD954AB6C56982C829 /* Pods_userdefault_review.framework */ = {isa = PBXFileReference; explicitFileType = wrapper.framework; includeInIndex = 0; path = Pods_userdefault_review.framework; sourceTree = BUILT_PRODUCTS_DIR; };
		BDCB06DE504B397437759CA7 /* Pods-userdefault_review.release.xcconfig */ = {isa = PBXFileReference; includeInIndex = 1; lastKnownFileType = text.xcconfig; name = "Pods-userdefault_review.release.xcconfig"; path = "Target Support Files/Pods-userdefault_review/Pods-userdefault_review.release.xcconfig"; sourceTree = "<group>"; };
		EB15B34B1433F10177061043 /* Pods-userdefault_review.debug.xcconfig */ = {isa = PBXFileReference; includeInIndex = 1; lastKnownFileType = text.xcconfig; name = "Pods-userdefault_review.debug.xcconfig"; path = "Target Support Files/Pods-userdefault_review/Pods-userdefault_review.debug.xcconfig"; sourceTree = "<group>"; };
		FF6CDA41259066A300B7F556 /* userdefault_review.app */ = {isa = PBXFileReference; explicitFileType = wrapper.application; includeInIndex = 0; path = userdefault_review.app; sourceTree = BUILT_PRODUCTS_DIR; };
		FF6CDA44259066A300B7F556 /* AppDelegate.swift */ = {isa = PBXFileReference; lastKnownFileType = sourcecode.swift; path = AppDelegate.swift; sourceTree = "<group>"; };
		FF6CDA46259066A300B7F556 /* SceneDelegate.swift */ = {isa = PBXFileReference; lastKnownFileType = sourcecode.swift; path = SceneDelegate.swift; sourceTree = "<group>"; };
		FF6CDA48259066A300B7F556 /* ViewController.swift */ = {isa = PBXFileReference; lastKnownFileType = sourcecode.swift; path = ViewController.swift; sourceTree = "<group>"; };
		FF6CDA4B259066A300B7F556 /* Base */ = {isa = PBXFileReference; lastKnownFileType = file.storyboard; name = Base; path = Base.lproj/Main.storyboard; sourceTree = "<group>"; };
		FF6CDA4D259066A500B7F556 /* Assets.xcassets */ = {isa = PBXFileReference; lastKnownFileType = folder.assetcatalog; path = Assets.xcassets; sourceTree = "<group>"; };
		FF6CDA50259066A500B7F556 /* Base */ = {isa = PBXFileReference; lastKnownFileType = file.storyboard; name = Base; path = Base.lproj/LaunchScreen.storyboard; sourceTree = "<group>"; };
		FF6CDA52259066A500B7F556 /* Info.plist */ = {isa = PBXFileReference; lastKnownFileType = text.plist.xml; path = Info.plist; sourceTree = "<group>"; };
		FF6CDA5925906AFB00B7F556 /* CustomCell.swift */ = {isa = PBXFileReference; lastKnownFileType = sourcecode.swift; path = CustomCell.swift; sourceTree = "<group>"; };
		FF6CDA602591E16300B7F556 /* UserInfo.plist */ = {isa = PBXFileReference; lastKnownFileType = text.plist.xml; path = UserInfo.plist; sourceTree = "<group>"; };
/* End PBXFileReference section */

/* Begin PBXFrameworksBuildPhase section */
		FF6CDA3E259066A300B7F556 /* Frameworks */ = {
			isa = PBXFrameworksBuildPhase;
			buildActionMask = 2147483647;
			files = (
				0F42293A6C19BECA5530C972 /* Pods_userdefault_review.framework in Frameworks */,
			);
			runOnlyForDeploymentPostprocessing = 0;
		};
/* End PBXFrameworksBuildPhase section */

/* Begin PBXGroup section */
		BB80686D19CEABBC11B14C94 /* Frameworks */ = {
			isa = PBXGroup;
			children = (
				B97F73CD954AB6C56982C829 /* Pods_userdefault_review.framework */,
			);
			name = Frameworks;
			sourceTree = "<group>";
		};
		FDE1FA50B471050F8EF73619 /* Pods */ = {
			isa = PBXGroup;
			children = (
				EB15B34B1433F10177061043 /* Pods-userdefault_review.debug.xcconfig */,
				BDCB06DE504B397437759CA7 /* Pods-userdefault_review.release.xcconfig */,
			);
			path = Pods;
			sourceTree = "<group>";
		};
		FF6CDA38259066A300B7F556 = {
			isa = PBXGroup;
			children = (
				FF6CDA43259066A300B7F556 /* userdefault_review */,
				FF6CDA42259066A300B7F556 /* Products */,
				FDE1FA50B471050F8EF73619 /* Pods */,
				BB80686D19CEABBC11B14C94 /* Frameworks */,
			);
			sourceTree = "<group>";
		};
		FF6CDA42259066A300B7F556 /* Products */ = {
			isa = PBXGroup;
			children = (
				FF6CDA41259066A300B7F556 /* userdefault_review.app */,
			);
			name = Products;
			sourceTree = "<group>";
		};
		FF6CDA43259066A300B7F556 /* userdefault_review */ = {
			isa = PBXGroup;
			children = (
				FF6CDA44259066A300B7F556 /* AppDelegate.swift */,
				FF6CDA46259066A300B7F556 /* SceneDelegate.swift */,
				FF6CDA48259066A300B7F556 /* ViewController.swift */,
				FF6CDA5925906AFB00B7F556 /* CustomCell.swift */,
				FF6CDA602591E16300B7F556 /* UserInfo.plist */,
				FF6CDA4A259066A300B7F556 /* Main.storyboard */,
				FF6CDA4D259066A500B7F556 /* Assets.xcassets */,
				FF6CDA4F259066A500B7F556 /* LaunchScreen.storyboard */,
				FF6CDA52259066A500B7F556 /* Info.plist */,
			);
			path = userdefault_review;
			sourceTree = "<group>";
		};
/* End PBXGroup section */

/* Begin PBXNativeTarget section */
		FF6CDA40259066A300B7F556 /* userdefault_review */ = {
			isa = PBXNativeTarget;
			buildConfigurationList = FF6CDA55259066A500B7F556 /* Build configuration list for PBXNativeTarget "userdefault_review" */;
			buildPhases = (
				E81A2357CA83C52AFAECA9A5 /* [CP] Check Pods Manifest.lock */,
				FF6CDA3D259066A300B7F556 /* Sources */,
				FF6CDA3E259066A300B7F556 /* Frameworks */,
				FF6CDA3F259066A300B7F556 /* Resources */,
				5B22B9EDF6B2D5F6FF2A0C5E /* [CP] Embed Pods Frameworks */,
			);
			buildRules = (
			);
			dependencies = (
			);
			name = userdefault_review;
			productName = userdefault_review;
			productReference = FF6CDA41259066A300B7F556 /* userdefault_review.app */;
			productType = "com.apple.product-type.application";
		};
/* End PBXNativeTarget section */

/* Begin PBXProject section */
		FF6CDA39259066A300B7F556 /* Project object */ = {
			isa = PBXProject;
			attributes = {
				LastSwiftUpdateCheck = 1210;
				LastUpgradeCheck = 1210;
				TargetAttributes = {
					FF6CDA40259066A300B7F556 = {
						CreatedOnToolsVersion = 12.1;
					};
				};
			};
			buildConfigurationList = FF6CDA3C259066A300B7F556 /* Build configuration list for PBXProject "userdefault_review" */;
			compatibilityVersion = "Xcode 9.3";
			developmentRegion = en;
			hasScannedForEncodings = 0;
			knownRegions = (
				en,
				Base,
			);
			mainGroup = FF6CDA38259066A300B7F556;
			productRefGroup = FF6CDA42259066A300B7F556 /* Products */;
			projectDirPath = "";
			projectRoot = "";
			targets = (
				FF6CDA40259066A300B7F556 /* userdefault_review */,
			);
		};
/* End PBXProject section */

/* Begin PBXResourcesBuildPhase section */
		FF6CDA3F259066A300B7F556 /* Resources */ = {
			isa = PBXResourcesBuildPhase;
			buildActionMask = 2147483647;
			files = (
				FF6CDA51259066A500B7F556 /* LaunchScreen.storyboard in Resources */,
				FF6CDA4E259066A500B7F556 /* Assets.xcassets in Resources */,
				FF6CDA4C259066A300B7F556 /* Main.storyboard in Resources */,
				FF6CDA612591E16400B7F556 /* UserInfo.plist in Resources */,
			);
			runOnlyForDeploymentPostprocessing = 0;
		};
/* End PBXResourcesBuildPhase section */

/* Begin PBXShellScriptBuildPhase section */
		5B22B9EDF6B2D5F6FF2A0C5E /* [CP] Embed Pods Frameworks */ = {
			isa = PBXShellScriptBuildPhase;
			buildActionMask = 2147483647;
			files = (
			);
			inputFileListPaths = (
				"${PODS_ROOT}/Target Support Files/Pods-userdefault_review/Pods-userdefault_review-frameworks-${CONFIGURATION}-input-files.xcfilelist",
			);
			name = "[CP] Embed Pods Frameworks";
			outputFileListPaths = (
				"${PODS_ROOT}/Target Support Files/Pods-userdefault_review/Pods-userdefault_review-frameworks-${CONFIGURATION}-output-files.xcfilelist",
			);
			runOnlyForDeploymentPostprocessing = 0;
			shellPath = /bin/sh;
			shellScript = "\"${PODS_ROOT}/Target Support Files/Pods-userdefault_review/Pods-userdefault_review-frameworks.sh\"\n";
			showEnvVarsInLog = 0;
		};
		E81A2357CA83C52AFAECA9A5 /* [CP] Check Pods Manifest.lock */ = {
			isa = PBXShellScriptBuildPhase;
			buildActionMask = 2147483647;
			files = (
			);
			inputFileListPaths = (
			);
			inputPaths = (
				"${PODS_PODFILE_DIR_PATH}/Podfile.lock",
				"${PODS_ROOT}/Manifest.lock",
			);
			name = "[CP] Check Pods Manifest.lock";
			outputFileListPaths = (
			);
			outputPaths = (
				"$(DERIVED_FILE_DIR)/Pods-userdefault_review-checkManifestLockResult.txt",
			);
			runOnlyForDeploymentPostprocessing = 0;
			shellPath = /bin/sh;
			shellScript = "diff \"${PODS_PODFILE_DIR_PATH}/Podfile.lock\" \"${PODS_ROOT}/Manifest.lock\" > /dev/null\nif [ $? != 0 ] ; then\n    # print error to STDERR\n    echo \"error: The sandbox is not in sync with the Podfile.lock. Run 'pod install' or update your CocoaPods installation.\" >&2\n    exit 1\nfi\n# This output is used by Xcode 'outputs' to avoid re-running this script phase.\necho \"SUCCESS\" > \"${SCRIPT_OUTPUT_FILE_0}\"\n";
			showEnvVarsInLog = 0;
		};
/* End PBXShellScriptBuildPhase section */

/* Begin PBXSourcesBuildPhase section */
		FF6CDA3D259066A300B7F556 /* Sources */ = {
			isa = PBXSourcesBuildPhase;
			buildActionMask = 2147483647;
			files = (
				FF6CDA49259066A300B7F556 /* ViewController.swift in Sources */,
				FF6CDA45259066A300B7F556 /* AppDelegate.swift in Sources */,
				FF6CDA5A25906AFB00B7F556 /* CustomCell.swift in Sources */,
				FF6CDA47259066A300B7F556 /* SceneDelegate.swift in Sources */,
			);
			runOnlyForDeploymentPostprocessing = 0;
		};
/* End PBXSourcesBuildPhase section */

/* Begin PBXVariantGroup section */
		FF6CDA4A259066A300B7F556 /* Main.storyboard */ = {
			isa = PBXVariantGroup;
			children = (
				FF6CDA4B259066A300B7F556 /* Base */,
			);
			name = Main.storyboard;
			sourceTree = "<group>";
		};
		FF6CDA4F259066A500B7F556 /* LaunchScreen.storyboard */ = {
			isa = PBXVariantGroup;
			children = (
				FF6CDA50259066A500B7F556 /* Base */,
			);
			name = LaunchScreen.storyboard;
			sourceTree = "<group>";
		};
/* End PBXVariantGroup section */

/* Begin XCBuildConfiguration section */
		FF6CDA53259066A500B7F556 /* Debug */ = {
			isa = XCBuildConfiguration;
			buildSettings = {
				ALWAYS_SEARCH_USER_PATHS = NO;
				CLANG_ANALYZER_NONNULL = YES;
				CLANG_ANALYZER_NUMBER_OBJECT_CONVERSION = YES_AGGRESSIVE;
				CLANG_CXX_LANGUAGE_STANDARD = "gnu++14";
				CLANG_CXX_LIBRARY = "libc++";
				CLANG_ENABLE_MODULES = YES;
				CLANG_ENABLE_OBJC_ARC = YES;
				CLANG_ENABLE_OBJC_WEAK = YES;
				CLANG_WARN_BLOCK_CAPTURE_AUTORELEASING = YES;
				CLANG_WARN_BOOL_CONVERSION = YES;
				CLANG_WARN_COMMA = YES;
				CLANG_WARN_CONSTANT_CONVERSION = YES;
				CLANG_WARN_DEPRECATED_OBJC_IMPLEMENTATIONS = YES;
				CLANG_WARN_DIRECT_OBJC_ISA_USAGE = YES_ERROR;
				CLANG_WARN_DOCUMENTATION_COMMENTS = YES;
				CLANG_WARN_EMPTY_BODY = YES;
				CLANG_WARN_ENUM_CONVERSION = YES;
				CLANG_WARN_INFINITE_RECURSION = YES;
				CLANG_WARN_INT_CONVERSION = YES;
				CLANG_WARN_NON_LITERAL_NULL_CONVERSION = YES;
				CLANG_WARN_OBJC_IMPLICIT_RETAIN_SELF = YES;
				CLANG_WARN_OBJC_LITERAL_CONVERSION = YES;
				CLANG_WARN_OBJC_ROOT_CLASS = YES_ERROR;
				CLANG_WARN_QUOTED_INCLUDE_IN_FRAMEWORK_HEADER = YES;
				CLANG_WARN_RANGE_LOOP_ANALYSIS = YES;
				CLANG_WARN_STRICT_PROTOTYPES = YES;
				CLANG_WARN_SUSPICIOUS_MOVE = YES;
				CLANG_WARN_UNGUARDED_AVAILABILITY = YES_AGGRESSIVE;
				CLANG_WARN_UNREACHABLE_CODE = YES;
				CLANG_WARN__DUPLICATE_METHOD_MATCH = YES;
				COPY_PHASE_STRIP = NO;
				DEBUG_INFORMATION_FORMAT = dwarf;
				ENABLE_STRICT_OBJC_MSGSEND = YES;
				ENABLE_TESTABILITY = YES;
				GCC_C_LANGUAGE_STANDARD = gnu11;
				GCC_DYNAMIC_NO_PIC = NO;
				GCC_NO_COMMON_BLOCKS = YES;
				GCC_OPTIMIZATION_LEVEL = 0;
				GCC_PREPROCESSOR_DEFINITIONS = (
					"DEBUG=1",
					"$(inherited)",
				);
				GCC_WARN_64_TO_32_BIT_CONVERSION = YES;
				GCC_WARN_ABOUT_RETURN_TYPE = YES_ERROR;
				GCC_WARN_UNDECLARED_SELECTOR = YES;
				GCC_WARN_UNINITIALIZED_AUTOS = YES_AGGRESSIVE;
				GCC_WARN_UNUSED_FUNCTION = YES;
				GCC_WARN_UNUSED_VARIABLE = YES;
				IPHONEOS_DEPLOYMENT_TARGET = 14.1;
				MTL_ENABLE_DEBUG_INFO = INCLUDE_SOURCE;
				MTL_FAST_MATH = YES;
				ONLY_ACTIVE_ARCH = YES;
				SDKROOT = iphoneos;
				SWIFT_ACTIVE_COMPILATION_CONDITIONS = DEBUG;
				SWIFT_OPTIMIZATION_LEVEL = "-Onone";
			};
			name = Debug;
		};
		FF6CDA54259066A500B7F556 /* Release */ = {
			isa = XCBuildConfiguration;
			buildSettings = {
				ALWAYS_SEARCH_USER_PATHS = NO;
				CLANG_ANALYZER_NONNULL = YES;
				CLANG_ANALYZER_NUMBER_OBJECT_CONVERSION = YES_AGGRESSIVE;
				CLANG_CXX_LANGUAGE_STANDARD = "gnu++14";
				CLANG_CXX_LIBRARY = "libc++";
				CLANG_ENABLE_MODULES = YES;
				CLANG_ENABLE_OBJC_ARC = YES;
				CLANG_ENABLE_OBJC_WEAK = YES;
				CLANG_WARN_BLOCK_CAPTURE_AUTORELEASING = YES;
				CLANG_WARN_BOOL_CONVERSION = YES;
				CLANG_WARN_COMMA = YES;
				CLANG_WARN_CONSTANT_CONVERSION = YES;
				CLANG_WARN_DEPRECATED_OBJC_IMPLEMENTATIONS = YES;
				CLANG_WARN_DIRECT_OBJC_ISA_USAGE = YES_ERROR;
				CLANG_WARN_DOCUMENTATION_COMMENTS = YES;
				CLANG_WARN_EMPTY_BODY = YES;
				CLANG_WARN_ENUM_CONVERSION = YES;
				CLANG_WARN_INFINITE_RECURSION = YES;
				CLANG_WARN_INT_CONVERSION = YES;
				CLANG_WARN_NON_LITERAL_NULL_CONVERSION = YES;
				CLANG_WARN_OBJC_IMPLICIT_RETAIN_SELF = YES;
				CLANG_WARN_OBJC_LITERAL_CONVERSION = YES;
				CLANG_WARN_OBJC_ROOT_CLASS = YES_ERROR;
				CLANG_WARN_QUOTED_INCLUDE_IN_FRAMEWORK_HEADER = YES;
				CLANG_WARN_RANGE_LOOP_ANALYSIS = YES;
				CLANG_WARN_STRICT_PROTOTYPES = YES;
				CLANG_WARN_SUSPICIOUS_MOVE = YES;
				CLANG_WARN_UNGUARDED_AVAILABILITY = YES_AGGRESSIVE;
				CLANG_WARN_UNREACHABLE_CODE = YES;
				CLANG_WARN__DUPLICATE_METHOD_MATCH = YES;
				COPY_PHASE_STRIP = NO;
				DEBUG_INFORMATION_FORMAT = "dwarf-with-dsym";
				ENABLE_NS_ASSERTIONS = NO;
				ENABLE_STRICT_OBJC_MSGSEND = YES;
				GCC_C_LANGUAGE_STANDARD = gnu11;
				GCC_NO_COMMON_BLOCKS = YES;
				GCC_WARN_64_TO_32_BIT_CONVERSION = YES;
				GCC_WARN_ABOUT_RETURN_TYPE = YES_ERROR;
				GCC_WARN_UNDECLARED_SELECTOR = YES;
				GCC_WARN_UNINITIALIZED_AUTOS = YES_AGGRESSIVE;
				GCC_WARN_UNUSED_FUNCTION = YES;
				GCC_WARN_UNUSED_VARIABLE = YES;
				IPHONEOS_DEPLOYMENT_TARGET = 14.1;
				MTL_ENABLE_DEBUG_INFO = NO;
				MTL_FAST_MATH = YES;
				SDKROOT = iphoneos;
				SWIFT_COMPILATION_MODE = wholemodule;
				SWIFT_OPTIMIZATION_LEVEL = "-O";
				VALIDATE_PRODUCT = YES;
			};
			name = Release;
		};
		FF6CDA56259066A500B7F556 /* Debug */ = {
			isa = XCBuildConfiguration;
			baseConfigurationReference = EB15B34B1433F10177061043 /* Pods-userdefault_review.debug.xcconfig */;
			buildSettings = {
				ASSETCATALOG_COMPILER_APPICON_NAME = AppIcon;
				ASSETCATALOG_COMPILER_GLOBAL_ACCENT_COLOR_NAME = AccentColor;
				CODE_SIGN_STYLE = Automatic;
				INFOPLIST_FILE = userdefault_review/Info.plist;
				LD_RUNPATH_SEARCH_PATHS = (
					"$(inherited)",
					"@executable_path/Frameworks",
				);
				PRODUCT_BUNDLE_IDENTIFIER = "selfProject.userdefault-review";
				PRODUCT_NAME = "$(TARGET_NAME)";
				SWIFT_VERSION = 5.0;
				TARGETED_DEVICE_FAMILY = "1,2";
			};
			name = Debug;
		};
		FF6CDA57259066A500B7F556 /* Release */ = {
			isa = XCBuildConfiguration;
			baseConfigurationReference = BDCB06DE504B397437759CA7 /* Pods-userdefault_review.release.xcconfig */;
			buildSettings = {
				ASSETCATALOG_COMPILER_APPICON_NAME = AppIcon;
				ASSETCATALOG_COMPILER_GLOBAL_ACCENT_COLOR_NAME = AccentColor;
				CODE_SIGN_STYLE = Automatic;
				INFOPLIST_FILE = userdefault_review/Info.plist;
				LD_RUNPATH_SEARCH_PATHS = (
					"$(inherited)",
					"@executable_path/Frameworks",
				);
				PRODUCT_BUNDLE_IDENTIFIER = "selfProject.userdefault-review";
				PRODUCT_NAME = "$(TARGET_NAME)";
				SWIFT_VERSION = 5.0;
				TARGETED_DEVICE_FAMILY = "1,2";
			};
			name = Release;
		};
/* End XCBuildConfiguration section */

/* Begin XCConfigurationList section */
		FF6CDA3C259066A300B7F556 /* Build configuration list for PBXProject "userdefault_review" */ = {
			isa = XCConfigurationList;
			buildConfigurations = (
				FF6CDA53259066A500B7F556 /* Debug */,
				FF6CDA54259066A500B7F556 /* Release */,
			);
			defaultConfigurationIsVisible = 0;
			defaultConfigurationName = Release;
		};
		FF6CDA55259066A500B7F556 /* Build configuration list for PBXNativeTarget "userdefault_review" */ = {
			isa = XCConfigurationList;
			buildConfigurations = (
				FF6CDA56259066A500B7F556 /* Debug */,
				FF6CDA57259066A500B7F556 /* Release */,
			);
			defaultConfigurationIsVisible = 0;
			defaultConfigurationName = Release;
		};
/* End XCConfigurationList section */
	};
	rootObject = FF6CDA39259066A300B7F556 /* Project object */;
}
